// !$*UTF8*$!
{
	archiveVersion = 1;
	classes = {
	};
	objectVersion = 46;
	objects = {

/* Begin PBXBuildFile section */
		CC488D27164EB5FD005078C3 /* libBox2D.a in Frameworks */ = {isa = PBXBuildFile; fileRef = CC488D20164EB5DE005078C3 /* libBox2D.a */; };
		CC68EA96163DA07400D225C2 /* main.cpp in Sources */ = {isa = PBXBuildFile; fileRef = CC68EA95163DA07400D225C2 /* main.cpp */; };
		CC68EA98163DA07400D225C2 /* CMSTest.1 in CopyFiles */ = {isa = PBXBuildFile; fileRef = CC68EA97163DA07400D225C2 /* CMSTest.1 */; };
		CC68EAB4163DB36800D225C2 /* SimpleAsyncConsumer.cpp in Sources */ = {isa = PBXBuildFile; fileRef = CC68EAB2163DB36800D225C2 /* SimpleAsyncConsumer.cpp */; };
		CC68EAB7163DB42E00D225C2 /* SimpleAsyncProducer.cpp in Sources */ = {isa = PBXBuildFile; fileRef = CC68EAB5163DB42E00D225C2 /* SimpleAsyncProducer.cpp */; };
		CCE9086F16515D64005F2E72 /* libactivemq-cpp.a in Frameworks */ = {isa = PBXBuildFile; fileRef = CCE9086E16515D33005F2E72 /* libactivemq-cpp.a */; };
		CCE9087216516221005F2E72 /* libapr-1.dylib in Frameworks */ = {isa = PBXBuildFile; fileRef = CCE9087016516221005F2E72 /* libapr-1.dylib */; };
		CCE9087316516221005F2E72 /* libaprutil-1.dylib in Frameworks */ = {isa = PBXBuildFile; fileRef = CCE9087116516221005F2E72 /* libaprutil-1.dylib */; };
		CCE90879165165F8005F2E72 /* Server.cpp in Sources */ = {isa = PBXBuildFile; fileRef = CCE90877165165F8005F2E72 /* Server.cpp */; };
		CCE9089216517138005F2E72 /* libPhoenix-osx.a in Frameworks */ = {isa = PBXBuildFile; fileRef = CCE908881651707A005F2E72 /* libPhoenix-osx.a */; };
		CCE9089816517F96005F2E72 /* PublisherT.cpp in Sources */ = {isa = PBXBuildFile; fileRef = CCE9089616517F95005F2E72 /* PublisherT.cpp */; };
		CCFB9E101640AF8900F6DBA2 /* B2DWorld.cpp in Sources */ = {isa = PBXBuildFile; fileRef = CCFB9E0E1640AF8900F6DBA2 /* B2DWorld.cpp */; };
/* End PBXBuildFile section */

/* Begin PBXContainerItemProxy section */
		CC488D1F164EB5DE005078C3 /* PBXContainerItemProxy */ = {
			isa = PBXContainerItemProxy;
			containerPortal = CCFB9DDC1640ABB900F6DBA2 /* Box2D.xcodeproj */;
			proxyType = 2;
			remoteGlobalIDString = 80FF01D2141C3D980059E59D;
			remoteInfo = Box2D;
		};
		CC488D21164EB5DE005078C3 /* PBXContainerItemProxy */ = {
			isa = PBXContainerItemProxy;
			containerPortal = CCFB9DDC1640ABB900F6DBA2 /* Box2D.xcodeproj */;
			proxyType = 2;
			remoteGlobalIDString = 80BB8901141C3E1800F1753A;
			remoteInfo = GLUI;
		};
		CC488D23164EB5DE005078C3 /* PBXContainerItemProxy */ = {
			isa = PBXContainerItemProxy;
			containerPortal = CCFB9DDC1640ABB900F6DBA2 /* Box2D.xcodeproj */;
			proxyType = 2;
			remoteGlobalIDString = 80BB890A141C3E2700F1753A;
			remoteInfo = HelloWorld;
		};
		CC488D25164EB5DE005078C3 /* PBXContainerItemProxy */ = {
			isa = PBXContainerItemProxy;
			containerPortal = CCFB9DDC1640ABB900F6DBA2 /* Box2D.xcodeproj */;
			proxyType = 2;
			remoteGlobalIDString = 80BB8918141C3E3600F1753A;
			remoteInfo = Testbed;
		};
		CCE9086D16515D33005F2E72 /* PBXContainerItemProxy */ = {
			isa = PBXContainerItemProxy;
			containerPortal = CCE9086616515D32005F2E72 /* activemq-cpp.xcodeproj */;
			proxyType = 2;
			remoteGlobalIDString = CC489773164F15FF005078C3;
			remoteInfo = "activemq-cpp";
		};
		CCE908851651707A005F2E72 /* PBXContainerItemProxy */ = {
			isa = PBXContainerItemProxy;
			containerPortal = CCE9087A16517079005F2E72 /* Phoenix.xcodeproj */;
			proxyType = 2;
			remoteGlobalIDString = D2AAC046055464E500DB518D;
			remoteInfo = Phoenix;
		};
		CCE908871651707A005F2E72 /* PBXContainerItemProxy */ = {
			isa = PBXContainerItemProxy;
			containerPortal = CCE9087A16517079005F2E72 /* Phoenix.xcodeproj */;
			proxyType = 2;
			remoteGlobalIDString = CCD5D5C61586C9E3007AC8C2;
			remoteInfo = "Phoenix-osx";
		};
/* End PBXContainerItemProxy section */

/* Begin PBXCopyFilesBuildPhase section */
		CC68EA8F163DA07400D225C2 /* CopyFiles */ = {
			isa = PBXCopyFilesBuildPhase;
			buildActionMask = 2147483647;
			dstPath = usr/share/man/man1;
			dstSubfolderSpec = 0;
			files = (
				CC68EA98163DA07400D225C2 /* CMSTest.1 in CopyFiles */,
			);
			runOnlyForDeploymentPostprocessing = 1;
		};
/* End PBXCopyFilesBuildPhase section */

/* Begin PBXFileReference section */
		CC68EA91163DA07400D225C2 /* CMSTest */ = {isa = PBXFileReference; explicitFileType = "compiled.mach-o.executable"; includeInIndex = 0; path = CMSTest; sourceTree = BUILT_PRODUCTS_DIR; };
		CC68EA95163DA07400D225C2 /* main.cpp */ = {isa = PBXFileReference; lastKnownFileType = sourcecode.cpp.cpp; path = main.cpp; sourceTree = "<group>"; };
		CC68EA97163DA07400D225C2 /* CMSTest.1 */ = {isa = PBXFileReference; lastKnownFileType = text.man; path = CMSTest.1; sourceTree = "<group>"; };
		CC68EAB2163DB36800D225C2 /* SimpleAsyncConsumer.cpp */ = {isa = PBXFileReference; fileEncoding = 4; lastKnownFileType = sourcecode.cpp.cpp; path = SimpleAsyncConsumer.cpp; sourceTree = "<group>"; };
		CC68EAB3163DB36800D225C2 /* SimpleAsyncConsumer.h */ = {isa = PBXFileReference; fileEncoding = 4; lastKnownFileType = sourcecode.c.h; path = SimpleAsyncConsumer.h; sourceTree = "<group>"; };
		CC68EAB5163DB42E00D225C2 /* SimpleAsyncProducer.cpp */ = {isa = PBXFileReference; fileEncoding = 4; lastKnownFileType = sourcecode.cpp.cpp; path = SimpleAsyncProducer.cpp; sourceTree = "<group>"; };
		CC68EAB6163DB42E00D225C2 /* SimpleAsyncProducer.h */ = {isa = PBXFileReference; fileEncoding = 4; lastKnownFileType = sourcecode.c.h; path = SimpleAsyncProducer.h; sourceTree = "<group>"; };
		CCE9086616515D32005F2E72 /* activemq-cpp.xcodeproj */ = {isa = PBXFileReference; lastKnownFileType = "wrapper.pb-project"; name = "activemq-cpp.xcodeproj"; path = "../ThirdParty/activemq-cpp/activemq-cpp/activemq-cpp/activemq-cpp.xcodeproj"; sourceTree = "<group>"; };
		CCE9087016516221005F2E72 /* libapr-1.dylib */ = {isa = PBXFileReference; lastKnownFileType = "compiled.mach-o.dylib"; name = "libapr-1.dylib"; path = "usr/lib/libapr-1.dylib"; sourceTree = SDKROOT; };
		CCE9087116516221005F2E72 /* libaprutil-1.dylib */ = {isa = PBXFileReference; lastKnownFileType = "compiled.mach-o.dylib"; name = "libaprutil-1.dylib"; path = "usr/lib/libaprutil-1.dylib"; sourceTree = SDKROOT; };
		CCE90877165165F8005F2E72 /* Server.cpp */ = {isa = PBXFileReference; fileEncoding = 4; lastKnownFileType = sourcecode.cpp.cpp; path = Server.cpp; sourceTree = "<group>"; };
		CCE90878165165F8005F2E72 /* Server.h */ = {isa = PBXFileReference; fileEncoding = 4; lastKnownFileType = sourcecode.c.h; path = Server.h; sourceTree = "<group>"; };
		CCE9087A16517079005F2E72 /* Phoenix.xcodeproj */ = {isa = PBXFileReference; lastKnownFileType = "wrapper.pb-project"; name = Phoenix.xcodeproj; path = ../Libraries/Phoenix/Phoenix.xcodeproj; sourceTree = "<group>"; };
		CCE9089616517F95005F2E72 /* PublisherT.cpp */ = {isa = PBXFileReference; fileEncoding = 4; lastKnownFileType = sourcecode.cpp.cpp; path = PublisherT.cpp; sourceTree = "<group>"; };
		CCE9089716517F95005F2E72 /* PublisherT.h */ = {isa = PBXFileReference; fileEncoding = 4; lastKnownFileType = sourcecode.c.h; path = PublisherT.h; sourceTree = "<group>"; };
		CCFB9DDC1640ABB900F6DBA2 /* Box2D.xcodeproj */ = {isa = PBXFileReference; lastKnownFileType = "wrapper.pb-project"; name = Box2D.xcodeproj; path = ../ThirdParty/box2d/Box2D/Build/xcode4/Box2D.xcodeproj; sourceTree = "<group>"; };
		CCFB9E0E1640AF8900F6DBA2 /* B2DWorld.cpp */ = {isa = PBXFileReference; fileEncoding = 4; lastKnownFileType = sourcecode.cpp.cpp; path = B2DWorld.cpp; sourceTree = "<group>"; };
		CCFB9E0F1640AF8900F6DBA2 /* B2DWorld.h */ = {isa = PBXFileReference; fileEncoding = 4; lastKnownFileType = sourcecode.c.h; path = B2DWorld.h; sourceTree = "<group>"; };
/* End PBXFileReference section */

/* Begin PBXFrameworksBuildPhase section */
		CC68EA8E163DA07400D225C2 /* Frameworks */ = {
			isa = PBXFrameworksBuildPhase;
			buildActionMask = 2147483647;
			files = (
				CCE9087216516221005F2E72 /* libapr-1.dylib in Frameworks */,
				CCE9087316516221005F2E72 /* libaprutil-1.dylib in Frameworks */,
				CCE9086F16515D64005F2E72 /* libactivemq-cpp.a in Frameworks */,
				CC488D27164EB5FD005078C3 /* libBox2D.a in Frameworks */,
				CCE9089216517138005F2E72 /* libPhoenix-osx.a in Frameworks */,
			);
			runOnlyForDeploymentPostprocessing = 0;
		};
/* End PBXFrameworksBuildPhase section */

/* Begin PBXGroup section */
		CC488D19164EB5DE005078C3 /* Products */ = {
			isa = PBXGroup;
			children = (
				CC488D20164EB5DE005078C3 /* libBox2D.a */,
				CC488D22164EB5DE005078C3 /* libGLUI.a */,
				CC488D24164EB5DE005078C3 /* HelloWorld */,
				CC488D26164EB5DE005078C3 /* Testbed */,
			);
			name = Products;
			sourceTree = "<group>";
		};
		CC68EA86163DA07400D225C2 = {
			isa = PBXGroup;
			children = (
				CCE9086616515D32005F2E72 /* activemq-cpp.xcodeproj */,
				CCFB9DDC1640ABB900F6DBA2 /* Box2D.xcodeproj */,
				CCE9087A16517079005F2E72 /* Phoenix.xcodeproj */,
				CC68EAB1163DB32600D225C2 /* Libraries */,
				CC68EA94163DA07400D225C2 /* CMSTest */,
				CC68EA92163DA07400D225C2 /* Products */,
			);
			sourceTree = "<group>";
		};
		CC68EA92163DA07400D225C2 /* Products */ = {
			isa = PBXGroup;
			children = (
				CC68EA91163DA07400D225C2 /* CMSTest */,
			);
			name = Products;
			sourceTree = "<group>";
		};
		CC68EA94163DA07400D225C2 /* CMSTest */ = {
			isa = PBXGroup;
			children = (
				CCE9089616517F95005F2E72 /* PublisherT.cpp */,
				CCE9089716517F95005F2E72 /* PublisherT.h */,
				CC68EA95163DA07400D225C2 /* main.cpp */,
				CC68EA97163DA07400D225C2 /* CMSTest.1 */,
				CC68EAB2163DB36800D225C2 /* SimpleAsyncConsumer.cpp */,
				CC68EAB3163DB36800D225C2 /* SimpleAsyncConsumer.h */,
				CC68EAB5163DB42E00D225C2 /* SimpleAsyncProducer.cpp */,
				CC68EAB6163DB42E00D225C2 /* SimpleAsyncProducer.h */,
				CCFB9E0E1640AF8900F6DBA2 /* B2DWorld.cpp */,
				CCFB9E0F1640AF8900F6DBA2 /* B2DWorld.h */,
				CCE90877165165F8005F2E72 /* Server.cpp */,
				CCE90878165165F8005F2E72 /* Server.h */,
			);
			path = CMSTest;
			sourceTree = "<group>";
		};
		CC68EAB1163DB32600D225C2 /* Libraries */ = {
			isa = PBXGroup;
			children = (
				CCE9087016516221005F2E72 /* libapr-1.dylib */,
				CCE9087116516221005F2E72 /* libaprutil-1.dylib */,
			);
			name = Libraries;
			sourceTree = "<group>";
		};
		CCE9086716515D32005F2E72 /* Products */ = {
			isa = PBXGroup;
			children = (
				CCE9086E16515D33005F2E72 /* libactivemq-cpp.a */,
			);
			name = Products;
			sourceTree = "<group>";
		};
		CCE9087B16517079005F2E72 /* Products */ = {
			isa = PBXGroup;
			children = (
				CCE908861651707A005F2E72 /* libPhoenix.a */,
				CCE908881651707A005F2E72 /* libPhoenix-osx.a */,
			);
			name = Products;
			sourceTree = "<group>";
		};
/* End PBXGroup section */

/* Begin PBXNativeTarget section */
		CC68EA90163DA07400D225C2 /* CMSTest */ = {
			isa = PBXNativeTarget;
			buildConfigurationList = CC68EA9B163DA07400D225C2 /* Build configuration list for PBXNativeTarget "CMSTest" */;
			buildPhases = (
				CC68EA8D163DA07400D225C2 /* Sources */,
				CC68EA8E163DA07400D225C2 /* Frameworks */,
				CC68EA8F163DA07400D225C2 /* CopyFiles */,
			);
			buildRules = (
			);
			dependencies = (
			);
			name = CMSTest;
			productName = CMSTest;
			productReference = CC68EA91163DA07400D225C2 /* CMSTest */;
			productType = "com.apple.product-type.tool";
		};
/* End PBXNativeTarget section */

/* Begin PBXProject section */
		CC68EA88163DA07400D225C2 /* Project object */ = {
			isa = PBXProject;
			attributes = {
				LastUpgradeCheck = 0450;
				ORGANIZATIONNAME = "Roddie Kieley";
			};
			buildConfigurationList = CC68EA8B163DA07400D225C2 /* Build configuration list for PBXProject "CMSTest" */;
			compatibilityVersion = "Xcode 3.2";
			developmentRegion = English;
			hasScannedForEncodings = 0;
			knownRegions = (
				en,
			);
			mainGroup = CC68EA86163DA07400D225C2;
			productRefGroup = CC68EA92163DA07400D225C2 /* Products */;
			projectDirPath = "";
			projectReferences = (
				{
					ProductGroup = CCE9086716515D32005F2E72 /* Products */;
					ProjectRef = CCE9086616515D32005F2E72 /* activemq-cpp.xcodeproj */;
				},
				{
					ProductGroup = CC488D19164EB5DE005078C3 /* Products */;
					ProjectRef = CCFB9DDC1640ABB900F6DBA2 /* Box2D.xcodeproj */;
				},
				{
					ProductGroup = CCE9087B16517079005F2E72 /* Products */;
					ProjectRef = CCE9087A16517079005F2E72 /* Phoenix.xcodeproj */;
				},
			);
			projectRoot = "";
			targets = (
				CC68EA90163DA07400D225C2 /* CMSTest */,
			);
		};
/* End PBXProject section */

/* Begin PBXReferenceProxy section */
		CC488D20164EB5DE005078C3 /* libBox2D.a */ = {
			isa = PBXReferenceProxy;
			fileType = archive.ar;
			path = libBox2D.a;
			remoteRef = CC488D1F164EB5DE005078C3 /* PBXContainerItemProxy */;
			sourceTree = BUILT_PRODUCTS_DIR;
		};
		CC488D22164EB5DE005078C3 /* libGLUI.a */ = {
			isa = PBXReferenceProxy;
			fileType = archive.ar;
			path = libGLUI.a;
			remoteRef = CC488D21164EB5DE005078C3 /* PBXContainerItemProxy */;
			sourceTree = BUILT_PRODUCTS_DIR;
		};
		CC488D24164EB5DE005078C3 /* HelloWorld */ = {
			isa = PBXReferenceProxy;
			fileType = "compiled.mach-o.executable";
			path = HelloWorld;
			remoteRef = CC488D23164EB5DE005078C3 /* PBXContainerItemProxy */;
			sourceTree = BUILT_PRODUCTS_DIR;
		};
		CC488D26164EB5DE005078C3 /* Testbed */ = {
			isa = PBXReferenceProxy;
			fileType = "compiled.mach-o.executable";
			path = Testbed;
			remoteRef = CC488D25164EB5DE005078C3 /* PBXContainerItemProxy */;
			sourceTree = BUILT_PRODUCTS_DIR;
		};
		CCE9086E16515D33005F2E72 /* libactivemq-cpp.a */ = {
			isa = PBXReferenceProxy;
			fileType = "compiled.mach-o.dylib";
			path = "libactivemq-cpp.a";
			remoteRef = CCE9086D16515D33005F2E72 /* PBXContainerItemProxy */;
			sourceTree = BUILT_PRODUCTS_DIR;
		};
		CCE908861651707A005F2E72 /* libPhoenix.a */ = {
			isa = PBXReferenceProxy;
			fileType = archive.ar;
			path = libPhoenix.a;
			remoteRef = CCE908851651707A005F2E72 /* PBXContainerItemProxy */;
			sourceTree = BUILT_PRODUCTS_DIR;
		};
		CCE908881651707A005F2E72 /* libPhoenix-osx.a */ = {
			isa = PBXReferenceProxy;
			fileType = archive.ar;
			path = "libPhoenix-osx.a";
			remoteRef = CCE908871651707A005F2E72 /* PBXContainerItemProxy */;
			sourceTree = BUILT_PRODUCTS_DIR;
		};
/* End PBXReferenceProxy section */

/* Begin PBXSourcesBuildPhase section */
		CC68EA8D163DA07400D225C2 /* Sources */ = {
			isa = PBXSourcesBuildPhase;
			buildActionMask = 2147483647;
			files = (
				CC68EA96163DA07400D225C2 /* main.cpp in Sources */,
				CC68EAB4163DB36800D225C2 /* SimpleAsyncConsumer.cpp in Sources */,
				CC68EAB7163DB42E00D225C2 /* SimpleAsyncProducer.cpp in Sources */,
				CCFB9E101640AF8900F6DBA2 /* B2DWorld.cpp in Sources */,
				CCE90879165165F8005F2E72 /* Server.cpp in Sources */,
				CCE9089816517F96005F2E72 /* PublisherT.cpp in Sources */,
			);
			runOnlyForDeploymentPostprocessing = 0;
		};
/* End PBXSourcesBuildPhase section */

/* Begin XCBuildConfiguration section */
		CC68EA99163DA07400D225C2 /* Debug */ = {
			isa = XCBuildConfiguration;
			buildSettings = {
				ALWAYS_SEARCH_USER_PATHS = NO;
				ARCHS = "$(ARCHS_STANDARD_64_BIT)";
				CLANG_CXX_LANGUAGE_STANDARD = "gnu++0x";
				CLANG_CXX_LIBRARY = "libc++";
				CLANG_WARN_EMPTY_BODY = YES;
				CLANG_WARN__DUPLICATE_METHOD_MATCH = YES;
				COPY_PHASE_STRIP = NO;
				GCC_C_LANGUAGE_STANDARD = gnu99;
				GCC_DYNAMIC_NO_PIC = NO;
				GCC_ENABLE_OBJC_EXCEPTIONS = YES;
				GCC_OPTIMIZATION_LEVEL = 0;
				GCC_PREPROCESSOR_DEFINITIONS = (
					"DEBUG=1",
					"$(inherited)",
				);
				GCC_SYMBOLS_PRIVATE_EXTERN = NO;
				GCC_VERSION = com.apple.compilers.llvmgcc42;
				GCC_WARN_64_TO_32_BIT_CONVERSION = YES;
				GCC_WARN_ABOUT_RETURN_TYPE = YES;
				GCC_WARN_UNINITIALIZED_AUTOS = YES;
				GCC_WARN_UNUSED_VARIABLE = YES;
				MACOSX_DEPLOYMENT_TARGET = 10.7;
				ONLY_ACTIVE_ARCH = YES;
				SDKROOT = macosx10.7;
			};
			name = Debug;
		};
		CC68EA9A163DA07400D225C2 /* Release */ = {
			isa = XCBuildConfiguration;
			buildSettings = {
				ALWAYS_SEARCH_USER_PATHS = NO;
				ARCHS = "$(ARCHS_STANDARD_64_BIT)";
				CLANG_CXX_LANGUAGE_STANDARD = "gnu++0x";
				CLANG_CXX_LIBRARY = "libc++";
				CLANG_WARN_EMPTY_BODY = YES;
				CLANG_WARN__DUPLICATE_METHOD_MATCH = YES;
				COPY_PHASE_STRIP = YES;
				DEBUG_INFORMATION_FORMAT = "dwarf-with-dsym";
				GCC_C_LANGUAGE_STANDARD = gnu99;
				GCC_ENABLE_OBJC_EXCEPTIONS = YES;
				GCC_VERSION = com.apple.compilers.llvmgcc42;
				GCC_WARN_64_TO_32_BIT_CONVERSION = YES;
				GCC_WARN_ABOUT_RETURN_TYPE = YES;
				GCC_WARN_UNINITIALIZED_AUTOS = YES;
				GCC_WARN_UNUSED_VARIABLE = YES;
				MACOSX_DEPLOYMENT_TARGET = 10.7;
				SDKROOT = macosx10.7;
			};
			name = Release;
		};
		CC68EA9C163DA07400D225C2 /* Debug */ = {
			isa = XCBuildConfiguration;
			buildSettings = {
				ALWAYS_SEARCH_USER_PATHS = YES;
				HEADER_SEARCH_PATHS = "/opt/local/include/apr-1/";
				LIBRARY_SEARCH_PATHS = /opt/local/lib;
				PRODUCT_NAME = "$(TARGET_NAME)";
				SDKROOT = macosx10.7;
				USER_HEADER_SEARCH_PATHS = "\"$(SRCROOT)/../ThirdParty/activemq-cpp/activemq-cpp/src/main\" \"$(SRCROOT)/../ThirdParty/box2d/Box2D/\"";
			};
			name = Debug;
		};
		CC68EA9D163DA07400D225C2 /* Release */ = {
			isa = XCBuildConfiguration;
			buildSettings = {
				ALWAYS_SEARCH_USER_PATHS = YES;
				HEADER_SEARCH_PATHS = "/opt/local/include/apr-1/";
				LIBRARY_SEARCH_PATHS = /opt/local/lib;
				PRODUCT_NAME = "$(TARGET_NAME)";
				SDKROOT = macosx10.7;
				USER_HEADER_SEARCH_PATHS = "\"$(SRCROOT)/../ThirdParty/activemq-cpp/activemq-cpp/src/main\" \"$(SRCROOT)/../ThirdParty/box2d/Box2D/\"";
			};
			name = Release;
		};
/* End XCBuildConfiguration section */

/* Begin XCConfigurationList section */
		CC68EA8B163DA07400D225C2 /* Build configuration list for PBXProject "CMSTest" */ = {
			isa = XCConfigurationList;
			buildConfigurations = (
				CC68EA99163DA07400D225C2 /* Debug */,
				CC68EA9A163DA07400D225C2 /* Release */,
			);
			defaultConfigurationIsVisible = 0;
			defaultConfigurationName = Release;
		};
		CC68EA9B163DA07400D225C2 /* Build configuration list for PBXNativeTarget "CMSTest" */ = {
			isa = XCConfigurationList;
			buildConfigurations = (
				CC68EA9C163DA07400D225C2 /* Debug */,
				CC68EA9D163DA07400D225C2 /* Release */,
			);
			defaultConfigurationIsVisible = 0;
			defaultConfigurationName = Release;
		};
/* End XCConfigurationList section */
	};
	rootObject = CC68EA88163DA07400D225C2 /* Project object */;
}
