// !$*UTF8*$!
{
	archiveVersion = 1;
	classes = {
	};
	objectVersion = 46;
	objects = {

/* Begin PBXBuildFile section */
		CC68EA96163DA07400D225C2 /* main.cpp in Sources */ = {isa = PBXBuildFile; fileRef = CC68EA95163DA07400D225C2 /* main.cpp */; };
		CC68EA98163DA07400D225C2 /* CMSTest.1 in CopyFiles */ = {isa = PBXBuildFile; fileRef = CC68EA97163DA07400D225C2 /* CMSTest.1 */; };
		CC68EAAD163DB19F00D225C2 /* libactivemq-cpp.a in Frameworks */ = {isa = PBXBuildFile; fileRef = CC68EAAC163DB19F00D225C2 /* libactivemq-cpp.a */; };
		CC68EAB0163DB2AE00D225C2 /* libactivemq-cpp.15.dylib in CopyFiles */ = {isa = PBXBuildFile; fileRef = CC68EAAE163DB27F00D225C2 /* libactivemq-cpp.15.dylib */; };
		CC68EAB4163DB36800D225C2 /* SimpleAsyncConsumer.cpp in Sources */ = {isa = PBXBuildFile; fileRef = CC68EAB2163DB36800D225C2 /* SimpleAsyncConsumer.cpp */; };
		CC68EAB7163DB42E00D225C2 /* SimpleAsyncProducer.cpp in Sources */ = {isa = PBXBuildFile; fileRef = CC68EAB5163DB42E00D225C2 /* SimpleAsyncProducer.cpp */; };
		CCFB9DF11640ABF500F6DBA2 /* libBox2D-osx.a in Frameworks */ = {isa = PBXBuildFile; fileRef = CCFB9DE41640ABB900F6DBA2 /* libBox2D-osx.a */; };
		CCFB9E101640AF8900F6DBA2 /* B2DWorld.cpp in Sources */ = {isa = PBXBuildFile; fileRef = CCFB9E0E1640AF8900F6DBA2 /* B2DWorld.cpp */; };
/* End PBXBuildFile section */

/* Begin PBXContainerItemProxy section */
		CCFB9DE11640ABB900F6DBA2 /* PBXContainerItemProxy */ = {
			isa = PBXContainerItemProxy;
			containerPortal = CCFB9DDC1640ABB900F6DBA2 /* Box2D.xcodeproj */;
			proxyType = 2;
			remoteGlobalIDString = D2AAC046055464E500DB518D;
			remoteInfo = Box2D;
		};
		CCFB9DE31640ABB900F6DBA2 /* PBXContainerItemProxy */ = {
			isa = PBXContainerItemProxy;
			containerPortal = CCFB9DDC1640ABB900F6DBA2 /* Box2D.xcodeproj */;
			proxyType = 2;
			remoteGlobalIDString = CC2C7B8E15A9EF1000B59D3D;
			remoteInfo = "Box2D-osx";
		};
/* End PBXContainerItemProxy section */

/* Begin PBXCopyFilesBuildPhase section */
		CC68EA8F163DA07400D225C2 /* CopyFiles */ = {
			isa = PBXCopyFilesBuildPhase;
			buildActionMask = 2147483647;
			dstPath = usr/share/man/man1;
			dstSubfolderSpec = 0;
			files = (
				CC68EAB0163DB2AE00D225C2 /* libactivemq-cpp.15.dylib in CopyFiles */,
				CC68EA98163DA07400D225C2 /* CMSTest.1 in CopyFiles */,
			);
			runOnlyForDeploymentPostprocessing = 1;
		};
/* End PBXCopyFilesBuildPhase section */

/* Begin PBXFileReference section */
		CC68EA91163DA07400D225C2 /* CMSTest */ = {isa = PBXFileReference; explicitFileType = "compiled.mach-o.executable"; includeInIndex = 0; path = CMSTest; sourceTree = BUILT_PRODUCTS_DIR; };
		CC68EA95163DA07400D225C2 /* main.cpp */ = {isa = PBXFileReference; lastKnownFileType = sourcecode.cpp.cpp; path = main.cpp; sourceTree = "<group>"; };
		CC68EA97163DA07400D225C2 /* CMSTest.1 */ = {isa = PBXFileReference; lastKnownFileType = text.man; path = CMSTest.1; sourceTree = "<group>"; };
		CC68EAAC163DB19F00D225C2 /* libactivemq-cpp.a */ = {isa = PBXFileReference; lastKnownFileType = archive.ar; name = "libactivemq-cpp.a"; path = "../Libraries/activemq-cpp/activemq-cpp/build/src/main/.libs/libactivemq-cpp.a"; sourceTree = "<group>"; };
		CC68EAAE163DB27F00D225C2 /* libactivemq-cpp.15.dylib */ = {isa = PBXFileReference; lastKnownFileType = "compiled.mach-o.dylib"; name = "libactivemq-cpp.15.dylib"; path = "../Libraries/activemq-cpp/activemq-cpp/build/src/main/.libs/libactivemq-cpp.15.dylib"; sourceTree = "<group>"; };
		CC68EAB2163DB36800D225C2 /* SimpleAsyncConsumer.cpp */ = {isa = PBXFileReference; fileEncoding = 4; lastKnownFileType = sourcecode.cpp.cpp; path = SimpleAsyncConsumer.cpp; sourceTree = "<group>"; };
		CC68EAB3163DB36800D225C2 /* SimpleAsyncConsumer.h */ = {isa = PBXFileReference; fileEncoding = 4; lastKnownFileType = sourcecode.c.h; path = SimpleAsyncConsumer.h; sourceTree = "<group>"; };
		CC68EAB5163DB42E00D225C2 /* SimpleAsyncProducer.cpp */ = {isa = PBXFileReference; fileEncoding = 4; lastKnownFileType = sourcecode.cpp.cpp; path = SimpleAsyncProducer.cpp; sourceTree = "<group>"; };
		CC68EAB6163DB42E00D225C2 /* SimpleAsyncProducer.h */ = {isa = PBXFileReference; fileEncoding = 4; lastKnownFileType = sourcecode.c.h; path = SimpleAsyncProducer.h; sourceTree = "<group>"; };
		CCFB9DDC1640ABB900F6DBA2 /* Box2D.xcodeproj */ = {isa = PBXFileReference; lastKnownFileType = "wrapper.pb-project"; name = Box2D.xcodeproj; path = ../../iPhone/Libraries/Box2D/Box2D.xcodeproj; sourceTree = "<group>"; };
		CCFB9E0E1640AF8900F6DBA2 /* B2DWorld.cpp */ = {isa = PBXFileReference; fileEncoding = 4; lastKnownFileType = sourcecode.cpp.cpp; path = B2DWorld.cpp; sourceTree = "<group>"; };
		CCFB9E0F1640AF8900F6DBA2 /* B2DWorld.h */ = {isa = PBXFileReference; fileEncoding = 4; lastKnownFileType = sourcecode.c.h; path = B2DWorld.h; sourceTree = "<group>"; };
/* End PBXFileReference section */

/* Begin PBXFrameworksBuildPhase section */
		CC68EA8E163DA07400D225C2 /* Frameworks */ = {
			isa = PBXFrameworksBuildPhase;
			buildActionMask = 2147483647;
			files = (
				CC68EAAD163DB19F00D225C2 /* libactivemq-cpp.a in Frameworks */,
				CCFB9DF11640ABF500F6DBA2 /* libBox2D-osx.a in Frameworks */,
			);
			runOnlyForDeploymentPostprocessing = 0;
		};
/* End PBXFrameworksBuildPhase section */

/* Begin PBXGroup section */
		CC68EA86163DA07400D225C2 = {
			isa = PBXGroup;
			children = (
				CC68EAB1163DB32600D225C2 /* Libraries */,
				CC68EA94163DA07400D225C2 /* CMSTest */,
				CC68EA92163DA07400D225C2 /* Products */,
				CCFB9DDC1640ABB900F6DBA2 /* Box2D.xcodeproj */,
			);
			sourceTree = "<group>";
		};
		CC68EA92163DA07400D225C2 /* Products */ = {
			isa = PBXGroup;
			children = (
				CC68EA91163DA07400D225C2 /* CMSTest */,
			);
			name = Products;
			sourceTree = "<group>";
		};
		CC68EA94163DA07400D225C2 /* CMSTest */ = {
			isa = PBXGroup;
			children = (
				CC68EA95163DA07400D225C2 /* main.cpp */,
				CC68EA97163DA07400D225C2 /* CMSTest.1 */,
				CC68EAB2163DB36800D225C2 /* SimpleAsyncConsumer.cpp */,
				CC68EAB3163DB36800D225C2 /* SimpleAsyncConsumer.h */,
				CC68EAB5163DB42E00D225C2 /* SimpleAsyncProducer.cpp */,
				CC68EAB6163DB42E00D225C2 /* SimpleAsyncProducer.h */,
				CCFB9E0E1640AF8900F6DBA2 /* B2DWorld.cpp */,
				CCFB9E0F1640AF8900F6DBA2 /* B2DWorld.h */,
			);
			path = CMSTest;
			sourceTree = "<group>";
		};
		CC68EAB1163DB32600D225C2 /* Libraries */ = {
			isa = PBXGroup;
			children = (
				CC68EAAE163DB27F00D225C2 /* libactivemq-cpp.15.dylib */,
				CC68EAAC163DB19F00D225C2 /* libactivemq-cpp.a */,
			);
			name = Libraries;
			sourceTree = "<group>";
		};
		CCFB9DDD1640ABB900F6DBA2 /* Products */ = {
			isa = PBXGroup;
			children = (
				CCFB9DE21640ABB900F6DBA2 /* libBox2D.a */,
				CCFB9DE41640ABB900F6DBA2 /* libBox2D-osx.a */,
			);
			name = Products;
			sourceTree = "<group>";
		};
/* End PBXGroup section */

/* Begin PBXNativeTarget section */
		CC68EA90163DA07400D225C2 /* CMSTest */ = {
			isa = PBXNativeTarget;
			buildConfigurationList = CC68EA9B163DA07400D225C2 /* Build configuration list for PBXNativeTarget "CMSTest" */;
			buildPhases = (
				CC68EA8D163DA07400D225C2 /* Sources */,
				CC68EA8E163DA07400D225C2 /* Frameworks */,
				CC68EA8F163DA07400D225C2 /* CopyFiles */,
			);
			buildRules = (
			);
			dependencies = (
			);
			name = CMSTest;
			productName = CMSTest;
			productReference = CC68EA91163DA07400D225C2 /* CMSTest */;
			productType = "com.apple.product-type.tool";
		};
/* End PBXNativeTarget section */

/* Begin PBXProject section */
		CC68EA88163DA07400D225C2 /* Project object */ = {
			isa = PBXProject;
			attributes = {
				LastUpgradeCheck = 0450;
				ORGANIZATIONNAME = "Roddie Kieley";
			};
			buildConfigurationList = CC68EA8B163DA07400D225C2 /* Build configuration list for PBXProject "CMSTest" */;
			compatibilityVersion = "Xcode 3.2";
			developmentRegion = English;
			hasScannedForEncodings = 0;
			knownRegions = (
				en,
			);
			mainGroup = CC68EA86163DA07400D225C2;
			productRefGroup = CC68EA92163DA07400D225C2 /* Products */;
			projectDirPath = "";
			projectReferences = (
				{
					ProductGroup = CCFB9DDD1640ABB900F6DBA2 /* Products */;
					ProjectRef = CCFB9DDC1640ABB900F6DBA2 /* Box2D.xcodeproj */;
				},
			);
			projectRoot = "";
			targets = (
				CC68EA90163DA07400D225C2 /* CMSTest */,
			);
		};
/* End PBXProject section */

/* Begin PBXReferenceProxy section */
		CCFB9DE21640ABB900F6DBA2 /* libBox2D.a */ = {
			isa = PBXReferenceProxy;
			fileType = archive.ar;
			path = libBox2D.a;
			remoteRef = CCFB9DE11640ABB900F6DBA2 /* PBXContainerItemProxy */;
			sourceTree = BUILT_PRODUCTS_DIR;
		};
		CCFB9DE41640ABB900F6DBA2 /* libBox2D-osx.a */ = {
			isa = PBXReferenceProxy;
			fileType = archive.ar;
			path = "libBox2D-osx.a";
			remoteRef = CCFB9DE31640ABB900F6DBA2 /* PBXContainerItemProxy */;
			sourceTree = BUILT_PRODUCTS_DIR;
		};
/* End PBXReferenceProxy section */

/* Begin PBXSourcesBuildPhase section */
		CC68EA8D163DA07400D225C2 /* Sources */ = {
			isa = PBXSourcesBuildPhase;
			buildActionMask = 2147483647;
			files = (
				CC68EA96163DA07400D225C2 /* main.cpp in Sources */,
				CC68EAB4163DB36800D225C2 /* SimpleAsyncConsumer.cpp in Sources */,
				CC68EAB7163DB42E00D225C2 /* SimpleAsyncProducer.cpp in Sources */,
				CCFB9E101640AF8900F6DBA2 /* B2DWorld.cpp in Sources */,
			);
			runOnlyForDeploymentPostprocessing = 0;
		};
/* End PBXSourcesBuildPhase section */

/* Begin XCBuildConfiguration section */
		CC68EA99163DA07400D225C2 /* Debug */ = {
			isa = XCBuildConfiguration;
			buildSettings = {
				ALWAYS_SEARCH_USER_PATHS = NO;
				ARCHS = "$(ARCHS_STANDARD_64_BIT)";
				CLANG_CXX_LANGUAGE_STANDARD = "gnu++0x";
				CLANG_CXX_LIBRARY = "libc++";
				CLANG_WARN_EMPTY_BODY = YES;
				CLANG_WARN__DUPLICATE_METHOD_MATCH = YES;
				COPY_PHASE_STRIP = NO;
				GCC_C_LANGUAGE_STANDARD = gnu99;
				GCC_DYNAMIC_NO_PIC = NO;
				GCC_ENABLE_OBJC_EXCEPTIONS = YES;
				GCC_OPTIMIZATION_LEVEL = 0;
				GCC_PREPROCESSOR_DEFINITIONS = (
					"DEBUG=1",
					"$(inherited)",
				);
				GCC_SYMBOLS_PRIVATE_EXTERN = NO;
				GCC_VERSION = com.apple.compilers.llvmgcc42;
				GCC_WARN_64_TO_32_BIT_CONVERSION = YES;
				GCC_WARN_ABOUT_RETURN_TYPE = YES;
				GCC_WARN_UNINITIALIZED_AUTOS = YES;
				GCC_WARN_UNUSED_VARIABLE = YES;
				MACOSX_DEPLOYMENT_TARGET = 10.7;
				ONLY_ACTIVE_ARCH = YES;
				SDKROOT = macosx10.7;
			};
			name = Debug;
		};
		CC68EA9A163DA07400D225C2 /* Release */ = {
			isa = XCBuildConfiguration;
			buildSettings = {
				ALWAYS_SEARCH_USER_PATHS = NO;
				ARCHS = "$(ARCHS_STANDARD_64_BIT)";
				CLANG_CXX_LANGUAGE_STANDARD = "gnu++0x";
				CLANG_CXX_LIBRARY = "libc++";
				CLANG_WARN_EMPTY_BODY = YES;
				CLANG_WARN__DUPLICATE_METHOD_MATCH = YES;
				COPY_PHASE_STRIP = YES;
				DEBUG_INFORMATION_FORMAT = "dwarf-with-dsym";
				GCC_C_LANGUAGE_STANDARD = gnu99;
				GCC_ENABLE_OBJC_EXCEPTIONS = YES;
				GCC_VERSION = com.apple.compilers.llvmgcc42;
				GCC_WARN_64_TO_32_BIT_CONVERSION = YES;
				GCC_WARN_ABOUT_RETURN_TYPE = YES;
				GCC_WARN_UNINITIALIZED_AUTOS = YES;
				GCC_WARN_UNUSED_VARIABLE = YES;
				MACOSX_DEPLOYMENT_TARGET = 10.7;
				SDKROOT = macosx10.7;
			};
			name = Release;
		};
		CC68EA9C163DA07400D225C2 /* Debug */ = {
			isa = XCBuildConfiguration;
			buildSettings = {
				ALWAYS_SEARCH_USER_PATHS = NO;
				HEADER_SEARCH_PATHS = (
					"/Users/rkieley/LocalProjects/bdi/OSX/Libraries/activemq-cpp/activemq-cpp/include/main",
					"/opt/local/include/apr-1/",
				);
				LIBRARY_SEARCH_PATHS = "/Users/rkieley/LocalProjects/bdi/OSX/Libraries/activemq-cpp/activemq-cpp/build/src/main/.libs";
				PRODUCT_NAME = "$(TARGET_NAME)";
				SDKROOT = macosx10.7;
			};
			name = Debug;
		};
		CC68EA9D163DA07400D225C2 /* Release */ = {
			isa = XCBuildConfiguration;
			buildSettings = {
				ALWAYS_SEARCH_USER_PATHS = NO;
				HEADER_SEARCH_PATHS = (
					"/Users/rkieley/LocalProjects/bdi/OSX/Libraries/activemq-cpp/activemq-cpp/include/main",
					"/opt/local/include/apr-1/",
				);
				LIBRARY_SEARCH_PATHS = "/Users/rkieley/LocalProjects/bdi/OSX/Libraries/activemq-cpp/activemq-cpp/build/src/main/.libs";
				PRODUCT_NAME = "$(TARGET_NAME)";
				SDKROOT = macosx10.7;
			};
			name = Release;
		};
/* End XCBuildConfiguration section */

/* Begin XCConfigurationList section */
		CC68EA8B163DA07400D225C2 /* Build configuration list for PBXProject "CMSTest" */ = {
			isa = XCConfigurationList;
			buildConfigurations = (
				CC68EA99163DA07400D225C2 /* Debug */,
				CC68EA9A163DA07400D225C2 /* Release */,
			);
			defaultConfigurationIsVisible = 0;
			defaultConfigurationName = Release;
		};
		CC68EA9B163DA07400D225C2 /* Build configuration list for PBXNativeTarget "CMSTest" */ = {
			isa = XCConfigurationList;
			buildConfigurations = (
				CC68EA9C163DA07400D225C2 /* Debug */,
				CC68EA9D163DA07400D225C2 /* Release */,
			);
			defaultConfigurationIsVisible = 0;
			defaultConfigurationName = Release;
		};
/* End XCConfigurationList section */
	};
	rootObject = CC68EA88163DA07400D225C2 /* Project object */;
}
