// !$*UTF8*$!
{
	archiveVersion = 1;
	classes = {
	};
	objectVersion = 46;
	objects = {

/* Begin PBXBuildFile section */
		CC0BFD501792E6F300AE7B01 /* CommandBuffer.pb.cc in Sources */ = {isa = PBXBuildFile; fileRef = CC0BFD441792E6F200AE7B01 /* CommandBuffer.pb.cc */; };
		CC0BFD511792E6F300AE7B01 /* DualStickRawInputCommandBuffer.pb.cc in Sources */ = {isa = PBXBuildFile; fileRef = CC0BFD461792E6F300AE7B01 /* DualStickRawInputCommandBuffer.pb.cc */; };
		CC0BFD521792E6F300AE7B01 /* EntityGameEventBuffer.pb.cc in Sources */ = {isa = PBXBuildFile; fileRef = CC0BFD481792E6F300AE7B01 /* EntityGameEventBuffer.pb.cc */; };
		CC0BFD531792E6F300AE7B01 /* GameEventBuffer.pb.cc in Sources */ = {isa = PBXBuildFile; fileRef = CC0BFD4A1792E6F300AE7B01 /* GameEventBuffer.pb.cc */; };
		CC0BFD541792E6F300AE7B01 /* RawInputCommandBuffer.pb.cc in Sources */ = {isa = PBXBuildFile; fileRef = CC0BFD4C1792E6F300AE7B01 /* RawInputCommandBuffer.pb.cc */; };
		CC0BFD551792E6F300AE7B01 /* SecurityCommandBuffer.pb.cc in Sources */ = {isa = PBXBuildFile; fileRef = CC0BFD4E1792E6F300AE7B01 /* SecurityCommandBuffer.pb.cc */; };
		CC0F90D817179815006B9474 /* libactivemq-cpp.a in Frameworks */ = {isa = PBXBuildFile; fileRef = CC0F90D7171797FF006B9474 /* libactivemq-cpp.a */; };
		CC0F90DC17179AF3006B9474 /* libssl.dylib in Frameworks */ = {isa = PBXBuildFile; fileRef = CC0F90DB17179AF3006B9474 /* libssl.dylib */; };
		CC0F90DE17179B7A006B9474 /* libcrypto.dylib in Frameworks */ = {isa = PBXBuildFile; fileRef = CC0F90DD17179B7A006B9474 /* libcrypto.dylib */; };
		CC1AD3AA178E3DAE000F134C /* MessageConsumer.cpp in Sources */ = {isa = PBXBuildFile; fileRef = CC1AD3A8178E3DAE000F134C /* MessageConsumer.cpp */; };
		CC1AD3AD178E4DE6000F134C /* CommandConsumer.cpp in Sources */ = {isa = PBXBuildFile; fileRef = CC1AD3AB178E4DE6000F134C /* CommandConsumer.cpp */; };
		CC2436D717492CFA00A8519D /* B2DPod.cpp in Sources */ = {isa = PBXBuildFile; fileRef = CC2436D517492CFA00A8519D /* B2DPod.cpp */; };
		CC3156AE1792D69900B1B41D /* SecurityCommandBufferFactory.cpp in Sources */ = {isa = PBXBuildFile; fileRef = CC3156AC1792D69900B1B41D /* SecurityCommandBufferFactory.cpp */; };
		CC366F801791D78200B698E6 /* CommandQueue.cpp in Sources */ = {isa = PBXBuildFile; fileRef = CC366F7E1791D78200B698E6 /* CommandQueue.cpp */; };
		CC386DD21789D45800AB41AF /* EventDispatcher.cpp in Sources */ = {isa = PBXBuildFile; fileRef = CC386DD01789D45800AB41AF /* EventDispatcher.cpp */; };
		CC386DD81789D86300AB41AF /* EntityGameEventFactory.cpp in Sources */ = {isa = PBXBuildFile; fileRef = CC386DD61789D86300AB41AF /* EntityGameEventFactory.cpp */; };
		CC386DDB178A033100AB41AF /* MessageDispatcher.cpp in Sources */ = {isa = PBXBuildFile; fileRef = CC386DD9178A033100AB41AF /* MessageDispatcher.cpp */; };
		CC425F65179B0AD6001F410B /* SecurityGameEventFactory.cpp in Sources */ = {isa = PBXBuildFile; fileRef = CC425F63179B0AD5001F410B /* SecurityGameEventFactory.cpp */; };
		CC488D27164EB5FD005078C3 /* libBox2D.a in Frameworks */ = {isa = PBXBuildFile; fileRef = CC488D20164EB5DE005078C3 /* libBox2D.a */; };
		CC4FECE11662A3AA004810CC /* libProtocolBuffers.a in Frameworks */ = {isa = PBXBuildFile; fileRef = CC4FECE01662A39A004810CC /* libProtocolBuffers.a */; };
		CC51BA661781B7FA007F27F0 /* BulletFactory.cpp in Sources */ = {isa = PBXBuildFile; fileRef = CC51BA641781B7FA007F27F0 /* BulletFactory.cpp */; };
		CC55B2741785028A00CCC6E5 /* PodFactory.cpp in Sources */ = {isa = PBXBuildFile; fileRef = CC55B2731785028A00CCC6E5 /* PodFactory.cpp */; };
		CC5A8E7617AE92B800C8567B /* RawInputCommand.cpp in Sources */ = {isa = PBXBuildFile; fileRef = CC5A8E7417AE92B800C8567B /* RawInputCommand.cpp */; };
		CC68EA98163DA07400D225C2 /* CMSTest.1 in CopyFiles */ = {isa = PBXBuildFile; fileRef = CC68EA97163DA07400D225C2 /* CMSTest.1 */; };
		CCA4C32C1687B45D006BAC1D /* xdispatch.framework in Frameworks */ = {isa = PBXBuildFile; fileRef = CCA4C32B1687B45D006BAC1D /* xdispatch.framework */; };
		CCC7090E178F9B4600E6992E /* ACommand.cpp in Sources */ = {isa = PBXBuildFile; fileRef = CCC7090C178F9B4600E6992E /* ACommand.cpp */; };
		CCC70911178F9D3D00E6992E /* SecurityCommand.cpp in Sources */ = {isa = PBXBuildFile; fileRef = CCC7090F178F9D3D00E6992E /* SecurityCommand.cpp */; };
		CCE449C217230E21002A1937 /* box2d.pb.cc in Sources */ = {isa = PBXBuildFile; fileRef = CCE449B917230E21002A1937 /* box2d.pb.cc */; };
		CCE449D317230EF9002A1937 /* main.cpp in Sources */ = {isa = PBXBuildFile; fileRef = CCE449C917230EF9002A1937 /* main.cpp */; };
		CCE449D517230EF9002A1937 /* Server.cpp in Sources */ = {isa = PBXBuildFile; fileRef = CCE449CC17230EF9002A1937 /* Server.cpp */; };
		CCE449DF17230F8E002A1937 /* Timer.cpp in Sources */ = {isa = PBXBuildFile; fileRef = CCE449DC17230F8E002A1937 /* Timer.cpp */; };
		CCE449E31723109C002A1937 /* Heartbeat.cpp in Sources */ = {isa = PBXBuildFile; fileRef = CCE449E11723109C002A1937 /* Heartbeat.cpp */; };
		CCE449E81723111C002A1937 /* SimpleAsyncConsumer.cpp in Sources */ = {isa = PBXBuildFile; fileRef = CCE449E41723111C002A1937 /* SimpleAsyncConsumer.cpp */; };
		CCE449E91723111C002A1937 /* SimpleAsyncProducer.cpp in Sources */ = {isa = PBXBuildFile; fileRef = CCE449E61723111C002A1937 /* SimpleAsyncProducer.cpp */; };
		CCE449F5172313FD002A1937 /* B2DWorld.cpp in Sources */ = {isa = PBXBuildFile; fileRef = CCE449EC172313FD002A1937 /* B2DWorld.cpp */; };
		CCE449F7172313FD002A1937 /* Pod.cpp in Sources */ = {isa = PBXBuildFile; fileRef = CCE449F0172313FD002A1937 /* Pod.cpp */; };
		CCE449FC172317CA002A1937 /* AEntity.cpp in Sources */ = {isa = PBXBuildFile; fileRef = CCE449FA172317C9002A1937 /* AEntity.cpp */; };
		CCE449FF17231ADD002A1937 /* Bullet.cpp in Sources */ = {isa = PBXBuildFile; fileRef = CCE449FD17231ADD002A1937 /* Bullet.cpp */; };
		CCE44A0317232660002A1937 /* World.cpp in Sources */ = {isa = PBXBuildFile; fileRef = CCE44A011723265F002A1937 /* World.cpp */; };
		CCE9087216516221005F2E72 /* libapr-1.dylib in Frameworks */ = {isa = PBXBuildFile; fileRef = CCE9087016516221005F2E72 /* libapr-1.dylib */; };
		CCE9087316516221005F2E72 /* libaprutil-1.dylib in Frameworks */ = {isa = PBXBuildFile; fileRef = CCE9087116516221005F2E72 /* libaprutil-1.dylib */; };
		CCEB9EF9173FE24F00B3CE16 /* B2DBullet.cpp in Sources */ = {isa = PBXBuildFile; fileRef = CCEB9EF7173FE24F00B3CE16 /* B2DBullet.cpp */; };
		CCEB9EFC173FFB8F00B3CE16 /* AB2DEntity.cpp in Sources */ = {isa = PBXBuildFile; fileRef = CCEB9EFA173FFB8E00B3CE16 /* AB2DEntity.cpp */; };
		CCF958581749CC2E00CA57B9 /* libPocoFoundation.dylib in Frameworks */ = {isa = PBXBuildFile; fileRef = CCBB79C51749CBEF00E74F08 /* libPocoFoundation.dylib */; };
/* End PBXBuildFile section */

/* Begin PBXContainerItemProxy section */
		CC0F90D6171797FF006B9474 /* PBXContainerItemProxy */ = {
			isa = PBXContainerItemProxy;
			containerPortal = CC0F90CF171797FE006B9474 /* activemq-cpp.xcodeproj */;
			proxyType = 2;
			remoteGlobalIDString = CC489773164F15FF005078C3;
			remoteInfo = "activemq-cpp";
		};
		CC488D1F164EB5DE005078C3 /* PBXContainerItemProxy */ = {
			isa = PBXContainerItemProxy;
			containerPortal = CCFB9DDC1640ABB900F6DBA2 /* Box2D.xcodeproj */;
			proxyType = 2;
			remoteGlobalIDString = 80FF01D2141C3D980059E59D;
			remoteInfo = Box2D;
		};
		CC488D21164EB5DE005078C3 /* PBXContainerItemProxy */ = {
			isa = PBXContainerItemProxy;
			containerPortal = CCFB9DDC1640ABB900F6DBA2 /* Box2D.xcodeproj */;
			proxyType = 2;
			remoteGlobalIDString = 80BB8901141C3E1800F1753A;
			remoteInfo = GLUI;
		};
		CC488D23164EB5DE005078C3 /* PBXContainerItemProxy */ = {
			isa = PBXContainerItemProxy;
			containerPortal = CCFB9DDC1640ABB900F6DBA2 /* Box2D.xcodeproj */;
			proxyType = 2;
			remoteGlobalIDString = 80BB890A141C3E2700F1753A;
			remoteInfo = HelloWorld;
		};
		CC488D25164EB5DE005078C3 /* PBXContainerItemProxy */ = {
			isa = PBXContainerItemProxy;
			containerPortal = CCFB9DDC1640ABB900F6DBA2 /* Box2D.xcodeproj */;
			proxyType = 2;
			remoteGlobalIDString = 80BB8918141C3E3600F1753A;
			remoteInfo = Testbed;
		};
		CC4FECDF1662A39A004810CC /* PBXContainerItemProxy */ = {
			isa = PBXContainerItemProxy;
			containerPortal = CC4FECD81662A399004810CC /* ProtocolBuffers.xcodeproj */;
			proxyType = 2;
			remoteGlobalIDString = CC22AEFC16629B6C00E22E62;
			remoteInfo = ProtocolBuffers;
		};
		CCBB79C41749CBEF00E74F08 /* PBXContainerItemProxy */ = {
			isa = PBXContainerItemProxy;
			containerPortal = CCBB79AF1749CBEF00E74F08 /* Poco.xcodeproj */;
			proxyType = 2;
			remoteGlobalIDString = E64A475D62A44A90A27D4F32;
			remoteInfo = PocoFoundation;
		};
		CCBB79C61749CBEF00E74F08 /* PBXContainerItemProxy */ = {
			isa = PBXContainerItemProxy;
			containerPortal = CCBB79AF1749CBEF00E74F08 /* Poco.xcodeproj */;
			proxyType = 2;
			remoteGlobalIDString = BD1AE7FB2C984FC68AE5368B;
			remoteInfo = PocoXML;
		};
		CCBB79C81749CBEF00E74F08 /* PBXContainerItemProxy */ = {
			isa = PBXContainerItemProxy;
			containerPortal = CCBB79AF1749CBEF00E74F08 /* Poco.xcodeproj */;
			proxyType = 2;
			remoteGlobalIDString = C1A7FDEF78E94B4889ECCD99;
			remoteInfo = PocoJSON;
		};
		CCBB79CA1749CBEF00E74F08 /* PBXContainerItemProxy */ = {
			isa = PBXContainerItemProxy;
			containerPortal = CCBB79AF1749CBEF00E74F08 /* Poco.xcodeproj */;
			proxyType = 2;
			remoteGlobalIDString = A0741056B860481A99E09A23;
			remoteInfo = PocoPDF;
		};
		CCBB79CC1749CBEF00E74F08 /* PBXContainerItemProxy */ = {
			isa = PBXContainerItemProxy;
			containerPortal = CCBB79AF1749CBEF00E74F08 /* Poco.xcodeproj */;
			proxyType = 2;
			remoteGlobalIDString = 9D2CD1C940E9456AB67C3D08;
			remoteInfo = PocoUtil;
		};
		CCBB79CE1749CBEF00E74F08 /* PBXContainerItemProxy */ = {
			isa = PBXContainerItemProxy;
			containerPortal = CCBB79AF1749CBEF00E74F08 /* Poco.xcodeproj */;
			proxyType = 2;
			remoteGlobalIDString = FC803DC885654282BD7F1354;
			remoteInfo = PocoNet;
		};
		CCBB79D01749CBEF00E74F08 /* PBXContainerItemProxy */ = {
			isa = PBXContainerItemProxy;
			containerPortal = CCBB79AF1749CBEF00E74F08 /* Poco.xcodeproj */;
			proxyType = 2;
			remoteGlobalIDString = 8B08CED71BDA41D4A4961193;
			remoteInfo = PocoNetSSL;
		};
		CCBB79D21749CBEF00E74F08 /* PBXContainerItemProxy */ = {
			isa = PBXContainerItemProxy;
			containerPortal = CCBB79AF1749CBEF00E74F08 /* Poco.xcodeproj */;
			proxyType = 2;
			remoteGlobalIDString = 902CC6A031B64BFFB6C408DC;
			remoteInfo = PocoCrypto;
		};
		CCBB79D41749CBEF00E74F08 /* PBXContainerItemProxy */ = {
			isa = PBXContainerItemProxy;
			containerPortal = CCBB79AF1749CBEF00E74F08 /* Poco.xcodeproj */;
			proxyType = 2;
			remoteGlobalIDString = A187FE6E69BF4F8BB89CA6C9;
			remoteInfo = PocoData;
		};
		CCBB79D61749CBEF00E74F08 /* PBXContainerItemProxy */ = {
			isa = PBXContainerItemProxy;
			containerPortal = CCBB79AF1749CBEF00E74F08 /* Poco.xcodeproj */;
			proxyType = 2;
			remoteGlobalIDString = 4FE2DA3B3B4D40CCABE237FE;
			remoteInfo = PocoDataSQLite;
		};
		CCBB79D81749CBEF00E74F08 /* PBXContainerItemProxy */ = {
			isa = PBXContainerItemProxy;
			containerPortal = CCBB79AF1749CBEF00E74F08 /* Poco.xcodeproj */;
			proxyType = 2;
			remoteGlobalIDString = C78E66B3D06A4F51BB87A8CF;
			remoteInfo = PocoDataODBC;
		};
		CCBB79DA1749CBEF00E74F08 /* PBXContainerItemProxy */ = {
			isa = PBXContainerItemProxy;
			containerPortal = CCBB79AF1749CBEF00E74F08 /* Poco.xcodeproj */;
			proxyType = 2;
			remoteGlobalIDString = 701B6181A5B841CEB14FD0E8;
			remoteInfo = PocoZip;
		};
		CCBB79DC1749CBEF00E74F08 /* PBXContainerItemProxy */ = {
			isa = PBXContainerItemProxy;
			containerPortal = CCBB79AF1749CBEF00E74F08 /* Poco.xcodeproj */;
			proxyType = 2;
			remoteGlobalIDString = CA5202A5D17F4023AC842CD9;
			remoteInfo = mod_poco;
		};
/* End PBXContainerItemProxy section */

/* Begin PBXCopyFilesBuildPhase section */
		CC68EA8F163DA07400D225C2 /* CopyFiles */ = {
			isa = PBXCopyFilesBuildPhase;
			buildActionMask = 2147483647;
			dstPath = usr/share/man/man1;
			dstSubfolderSpec = 0;
			files = (
				CC68EA98163DA07400D225C2 /* CMSTest.1 in CopyFiles */,
			);
			runOnlyForDeploymentPostprocessing = 1;
		};
/* End PBXCopyFilesBuildPhase section */

/* Begin PBXFileReference section */
		CC0BFD441792E6F200AE7B01 /* CommandBuffer.pb.cc */ = {isa = PBXFileReference; fileEncoding = 4; lastKnownFileType = sourcecode.cpp.cpp; name = CommandBuffer.pb.cc; path = Proto/CommandBuffer.pb.cc; sourceTree = "<group>"; };
		CC0BFD451792E6F200AE7B01 /* CommandBuffer.pb.h */ = {isa = PBXFileReference; fileEncoding = 4; lastKnownFileType = sourcecode.c.h; name = CommandBuffer.pb.h; path = Proto/CommandBuffer.pb.h; sourceTree = "<group>"; };
		CC0BFD461792E6F300AE7B01 /* DualStickRawInputCommandBuffer.pb.cc */ = {isa = PBXFileReference; fileEncoding = 4; lastKnownFileType = sourcecode.cpp.cpp; name = DualStickRawInputCommandBuffer.pb.cc; path = Proto/DualStickRawInputCommandBuffer.pb.cc; sourceTree = "<group>"; };
		CC0BFD471792E6F300AE7B01 /* DualStickRawInputCommandBuffer.pb.h */ = {isa = PBXFileReference; fileEncoding = 4; lastKnownFileType = sourcecode.c.h; name = DualStickRawInputCommandBuffer.pb.h; path = Proto/DualStickRawInputCommandBuffer.pb.h; sourceTree = "<group>"; };
		CC0BFD481792E6F300AE7B01 /* EntityGameEventBuffer.pb.cc */ = {isa = PBXFileReference; fileEncoding = 4; lastKnownFileType = sourcecode.cpp.cpp; name = EntityGameEventBuffer.pb.cc; path = Proto/EntityGameEventBuffer.pb.cc; sourceTree = "<group>"; };
		CC0BFD491792E6F300AE7B01 /* EntityGameEventBuffer.pb.h */ = {isa = PBXFileReference; fileEncoding = 4; lastKnownFileType = sourcecode.c.h; name = EntityGameEventBuffer.pb.h; path = Proto/EntityGameEventBuffer.pb.h; sourceTree = "<group>"; };
		CC0BFD4A1792E6F300AE7B01 /* GameEventBuffer.pb.cc */ = {isa = PBXFileReference; fileEncoding = 4; lastKnownFileType = sourcecode.cpp.cpp; name = GameEventBuffer.pb.cc; path = Proto/GameEventBuffer.pb.cc; sourceTree = "<group>"; };
		CC0BFD4B1792E6F300AE7B01 /* GameEventBuffer.pb.h */ = {isa = PBXFileReference; fileEncoding = 4; lastKnownFileType = sourcecode.c.h; name = GameEventBuffer.pb.h; path = Proto/GameEventBuffer.pb.h; sourceTree = "<group>"; };
		CC0BFD4C1792E6F300AE7B01 /* RawInputCommandBuffer.pb.cc */ = {isa = PBXFileReference; fileEncoding = 4; lastKnownFileType = sourcecode.cpp.cpp; name = RawInputCommandBuffer.pb.cc; path = Proto/RawInputCommandBuffer.pb.cc; sourceTree = "<group>"; };
		CC0BFD4D1792E6F300AE7B01 /* RawInputCommandBuffer.pb.h */ = {isa = PBXFileReference; fileEncoding = 4; lastKnownFileType = sourcecode.c.h; name = RawInputCommandBuffer.pb.h; path = Proto/RawInputCommandBuffer.pb.h; sourceTree = "<group>"; };
		CC0BFD4E1792E6F300AE7B01 /* SecurityCommandBuffer.pb.cc */ = {isa = PBXFileReference; fileEncoding = 4; lastKnownFileType = sourcecode.cpp.cpp; name = SecurityCommandBuffer.pb.cc; path = Proto/SecurityCommandBuffer.pb.cc; sourceTree = "<group>"; };
		CC0BFD4F1792E6F300AE7B01 /* SecurityCommandBuffer.pb.h */ = {isa = PBXFileReference; fileEncoding = 4; lastKnownFileType = sourcecode.c.h; name = SecurityCommandBuffer.pb.h; path = Proto/SecurityCommandBuffer.pb.h; sourceTree = "<group>"; };
		CC0F90CF171797FE006B9474 /* activemq-cpp.xcodeproj */ = {isa = PBXFileReference; lastKnownFileType = "wrapper.pb-project"; name = "activemq-cpp.xcodeproj"; path = "../ThirdParty/activemq-cpp/activemq-cpp/activemq-cpp.xcodeproj"; sourceTree = "<group>"; };
		CC0F90DB17179AF3006B9474 /* libssl.dylib */ = {isa = PBXFileReference; lastKnownFileType = "compiled.mach-o.dylib"; name = libssl.dylib; path = usr/lib/libssl.dylib; sourceTree = SDKROOT; };
		CC0F90DD17179B7A006B9474 /* libcrypto.dylib */ = {isa = PBXFileReference; lastKnownFileType = "compiled.mach-o.dylib"; name = libcrypto.dylib; path = usr/lib/libcrypto.dylib; sourceTree = SDKROOT; };
		CC1AD3A8178E3DAE000F134C /* MessageConsumer.cpp */ = {isa = PBXFileReference; fileEncoding = 4; lastKnownFileType = sourcecode.cpp.cpp; name = MessageConsumer.cpp; path = Application/MessageConsumer.cpp; sourceTree = "<group>"; };
		CC1AD3A9178E3DAE000F134C /* MessageConsumer.h */ = {isa = PBXFileReference; fileEncoding = 4; lastKnownFileType = sourcecode.c.h; name = MessageConsumer.h; path = Application/MessageConsumer.h; sourceTree = "<group>"; };
		CC1AD3AB178E4DE6000F134C /* CommandConsumer.cpp */ = {isa = PBXFileReference; fileEncoding = 4; lastKnownFileType = sourcecode.cpp.cpp; name = CommandConsumer.cpp; path = Game/CommandConsumer.cpp; sourceTree = "<group>"; };
		CC1AD3AC178E4DE6000F134C /* CommandConsumer.h */ = {isa = PBXFileReference; fileEncoding = 4; lastKnownFileType = sourcecode.c.h; name = CommandConsumer.h; path = Game/CommandConsumer.h; sourceTree = "<group>"; };
		CC1AD3AE178F882D000F134C /* RawInputCommandBuffer.proto */ = {isa = PBXFileReference; fileEncoding = 4; lastKnownFileType = sourcecode.protobuf; name = RawInputCommandBuffer.proto; path = Proto/RawInputCommandBuffer.proto; sourceTree = "<group>"; };
		CC2436B417490AEA00A8519D /* SecurityCommandBuffer.proto */ = {isa = PBXFileReference; fileEncoding = 4; lastKnownFileType = sourcecode.protobuf; name = SecurityCommandBuffer.proto; path = Proto/SecurityCommandBuffer.proto; sourceTree = "<group>"; };
		CC2436CD17491B5500A8519D /* EntityGameEventBuffer.proto */ = {isa = PBXFileReference; fileEncoding = 4; lastKnownFileType = sourcecode.protobuf; name = EntityGameEventBuffer.proto; path = Proto/EntityGameEventBuffer.proto; sourceTree = "<group>"; };
		CC2436D017491B5700A8519D /* GameEventBuffer.proto */ = {isa = PBXFileReference; fileEncoding = 4; lastKnownFileType = sourcecode.protobuf; name = GameEventBuffer.proto; path = Proto/GameEventBuffer.proto; sourceTree = "<group>"; };
		CC2436D517492CFA00A8519D /* B2DPod.cpp */ = {isa = PBXFileReference; fileEncoding = 4; lastKnownFileType = sourcecode.cpp.cpp; name = B2DPod.cpp; path = Game/B2DPod.cpp; sourceTree = "<group>"; };
		CC2436D617492CFA00A8519D /* B2DPod.h */ = {isa = PBXFileReference; fileEncoding = 4; lastKnownFileType = sourcecode.c.h; name = B2DPod.h; path = Game/B2DPod.h; sourceTree = "<group>"; };
		CC3156AC1792D69900B1B41D /* SecurityCommandBufferFactory.cpp */ = {isa = PBXFileReference; fileEncoding = 4; lastKnownFileType = sourcecode.cpp.cpp; name = SecurityCommandBufferFactory.cpp; path = Game/SecurityCommandBufferFactory.cpp; sourceTree = "<group>"; };
		CC3156AD1792D69900B1B41D /* SecurityCommandBufferFactory.h */ = {isa = PBXFileReference; fileEncoding = 4; lastKnownFileType = sourcecode.c.h; name = SecurityCommandBufferFactory.h; path = Game/SecurityCommandBufferFactory.h; sourceTree = "<group>"; };
		CC366F7E1791D78200B698E6 /* CommandQueue.cpp */ = {isa = PBXFileReference; fileEncoding = 4; lastKnownFileType = sourcecode.cpp.cpp; name = CommandQueue.cpp; path = Game/CommandQueue.cpp; sourceTree = "<group>"; };
		CC366F7F1791D78200B698E6 /* CommandQueue.h */ = {isa = PBXFileReference; fileEncoding = 4; lastKnownFileType = sourcecode.c.h; name = CommandQueue.h; path = Game/CommandQueue.h; sourceTree = "<group>"; };
		CC386DD01789D45800AB41AF /* EventDispatcher.cpp */ = {isa = PBXFileReference; fileEncoding = 4; lastKnownFileType = sourcecode.cpp.cpp; name = EventDispatcher.cpp; path = Game/EventDispatcher.cpp; sourceTree = "<group>"; };
		CC386DD11789D45800AB41AF /* EventDispatcher.h */ = {isa = PBXFileReference; fileEncoding = 4; lastKnownFileType = sourcecode.c.h; name = EventDispatcher.h; path = Game/EventDispatcher.h; sourceTree = "<group>"; };
		CC386DD61789D86300AB41AF /* EntityGameEventFactory.cpp */ = {isa = PBXFileReference; fileEncoding = 4; lastKnownFileType = sourcecode.cpp.cpp; name = EntityGameEventFactory.cpp; path = Game/EntityGameEventFactory.cpp; sourceTree = "<group>"; };
		CC386DD71789D86300AB41AF /* EntityGameEventFactory.h */ = {isa = PBXFileReference; fileEncoding = 4; lastKnownFileType = sourcecode.c.h; name = EntityGameEventFactory.h; path = Game/EntityGameEventFactory.h; sourceTree = "<group>"; };
		CC386DD9178A033100AB41AF /* MessageDispatcher.cpp */ = {isa = PBXFileReference; fileEncoding = 4; lastKnownFileType = sourcecode.cpp.cpp; name = MessageDispatcher.cpp; path = Application/MessageDispatcher.cpp; sourceTree = "<group>"; };
		CC386DDA178A033100AB41AF /* MessageDispatcher.h */ = {isa = PBXFileReference; fileEncoding = 4; lastKnownFileType = sourcecode.c.h; name = MessageDispatcher.h; path = Application/MessageDispatcher.h; sourceTree = "<group>"; };
		CC425F63179B0AD5001F410B /* SecurityGameEventFactory.cpp */ = {isa = PBXFileReference; fileEncoding = 4; lastKnownFileType = sourcecode.cpp.cpp; name = SecurityGameEventFactory.cpp; path = Game/SecurityGameEventFactory.cpp; sourceTree = "<group>"; };
		CC425F64179B0AD6001F410B /* SecurityGameEventFactory.h */ = {isa = PBXFileReference; fileEncoding = 4; lastKnownFileType = sourcecode.c.h; name = SecurityGameEventFactory.h; path = Game/SecurityGameEventFactory.h; sourceTree = "<group>"; };
		CC4FECD81662A399004810CC /* ProtocolBuffers.xcodeproj */ = {isa = PBXFileReference; lastKnownFileType = "wrapper.pb-project"; name = ProtocolBuffers.xcodeproj; path = ../ThirdParty/protobuf/ProtocolBuffers/ProtocolBuffers.xcodeproj; sourceTree = "<group>"; };
		CC51BA641781B7FA007F27F0 /* BulletFactory.cpp */ = {isa = PBXFileReference; fileEncoding = 4; lastKnownFileType = sourcecode.cpp.cpp; name = BulletFactory.cpp; path = Game/BulletFactory.cpp; sourceTree = "<group>"; };
		CC51BA651781B7FA007F27F0 /* BulletFactory.h */ = {isa = PBXFileReference; fileEncoding = 4; lastKnownFileType = sourcecode.c.h; name = BulletFactory.h; path = Game/BulletFactory.h; sourceTree = "<group>"; };
		CC51BAAF17825523007F27F0 /* FactoryT.h */ = {isa = PBXFileReference; lastKnownFileType = sourcecode.c.h; name = FactoryT.h; path = Shared/FactoryT.h; sourceTree = "<group>"; };
		CC51BAB017825A16007F27F0 /* B2DBulletFactory.h */ = {isa = PBXFileReference; lastKnownFileType = sourcecode.c.h; name = B2DBulletFactory.h; path = Game/B2DBulletFactory.h; sourceTree = "<group>"; };
		CC55B2711785020700CCC6E5 /* B2DPodFactory.h */ = {isa = PBXFileReference; lastKnownFileType = sourcecode.c.h; name = B2DPodFactory.h; path = Game/B2DPodFactory.h; sourceTree = "<group>"; };
		CC55B2721785025200CCC6E5 /* PodFactory.h */ = {isa = PBXFileReference; lastKnownFileType = sourcecode.c.h; name = PodFactory.h; path = Game/PodFactory.h; sourceTree = "<group>"; };
		CC55B2731785028A00CCC6E5 /* PodFactory.cpp */ = {isa = PBXFileReference; fileEncoding = 4; lastKnownFileType = sourcecode.cpp.cpp; name = PodFactory.cpp; path = Game/PodFactory.cpp; sourceTree = "<group>"; };
		CC5A8E7417AE92B800C8567B /* RawInputCommand.cpp */ = {isa = PBXFileReference; fileEncoding = 4; lastKnownFileType = sourcecode.cpp.cpp; name = RawInputCommand.cpp; path = Commands/RawInputCommand.cpp; sourceTree = "<group>"; };
		CC5A8E7517AE92B800C8567B /* RawInputCommand.h */ = {isa = PBXFileReference; fileEncoding = 4; lastKnownFileType = sourcecode.c.h; name = RawInputCommand.h; path = Commands/RawInputCommand.h; sourceTree = "<group>"; };
		CC68EA91163DA07400D225C2 /* CMSTest */ = {isa = PBXFileReference; explicitFileType = "compiled.mach-o.executable"; includeInIndex = 0; path = CMSTest; sourceTree = BUILT_PRODUCTS_DIR; };
		CC68EA97163DA07400D225C2 /* CMSTest.1 */ = {isa = PBXFileReference; lastKnownFileType = text.man; path = CMSTest.1; sourceTree = "<group>"; };
		CCA4C32B1687B45D006BAC1D /* xdispatch.framework */ = {isa = PBXFileReference; lastKnownFileType = wrapper.framework; name = xdispatch.framework; path = ../ThirdParty/xdispatch/build/bin/Debug/xdispatch.framework; sourceTree = "<group>"; };
		CCBB79AF1749CBEF00E74F08 /* Poco.xcodeproj */ = {isa = PBXFileReference; lastKnownFileType = "wrapper.pb-project"; name = Poco.xcodeproj; path = "../ThirdParty/poco/cmake-build/Poco.xcodeproj"; sourceTree = "<group>"; };
		CCC70904178F8E6500E6992E /* DualStickRawInputCommandBuffer.proto */ = {isa = PBXFileReference; fileEncoding = 4; lastKnownFileType = sourcecode.protobuf; name = DualStickRawInputCommandBuffer.proto; path = Proto/DualStickRawInputCommandBuffer.proto; sourceTree = "<group>"; };
		CCC7090C178F9B4600E6992E /* ACommand.cpp */ = {isa = PBXFileReference; fileEncoding = 4; lastKnownFileType = sourcecode.cpp.cpp; name = ACommand.cpp; path = Shared/ACommand.cpp; sourceTree = "<group>"; };
		CCC7090D178F9B4600E6992E /* ACommand.h */ = {isa = PBXFileReference; fileEncoding = 4; lastKnownFileType = sourcecode.c.h; name = ACommand.h; path = Shared/ACommand.h; sourceTree = "<group>"; };
		CCC7090F178F9D3D00E6992E /* SecurityCommand.cpp */ = {isa = PBXFileReference; fileEncoding = 4; lastKnownFileType = sourcecode.cpp.cpp; name = SecurityCommand.cpp; path = Application/SecurityCommand.cpp; sourceTree = "<group>"; };
		CCC70910178F9D3D00E6992E /* SecurityCommand.h */ = {isa = PBXFileReference; fileEncoding = 4; lastKnownFileType = sourcecode.c.h; name = SecurityCommand.h; path = Application/SecurityCommand.h; sourceTree = "<group>"; };
		CCE449B917230E21002A1937 /* box2d.pb.cc */ = {isa = PBXFileReference; fileEncoding = 4; lastKnownFileType = sourcecode.cpp.cpp; name = box2d.pb.cc; path = Proto/box2d.pb.cc; sourceTree = "<group>"; };
		CCE449BA17230E21002A1937 /* box2d.pb.h */ = {isa = PBXFileReference; fileEncoding = 4; lastKnownFileType = sourcecode.c.h; name = box2d.pb.h; path = Proto/box2d.pb.h; sourceTree = "<group>"; };
		CCE449BB17230E21002A1937 /* box2d.proto */ = {isa = PBXFileReference; fileEncoding = 4; lastKnownFileType = sourcecode.protobuf; name = box2d.proto; path = Proto/box2d.proto; sourceTree = "<group>"; };
		CCE449BE17230E21002A1937 /* CommandBuffer.proto */ = {isa = PBXFileReference; fileEncoding = 4; lastKnownFileType = sourcecode.protobuf; name = CommandBuffer.proto; path = Proto/CommandBuffer.proto; sourceTree = "<group>"; };
		CCE449C917230EF9002A1937 /* main.cpp */ = {isa = PBXFileReference; fileEncoding = 4; lastKnownFileType = sourcecode.cpp.cpp; name = main.cpp; path = Application/main.cpp; sourceTree = "<group>"; };
		CCE449CC17230EF9002A1937 /* Server.cpp */ = {isa = PBXFileReference; fileEncoding = 4; lastKnownFileType = sourcecode.cpp.cpp; name = Server.cpp; path = Application/Server.cpp; sourceTree = "<group>"; };
		CCE449CD17230EF9002A1937 /* Server.h */ = {isa = PBXFileReference; fileEncoding = 4; lastKnownFileType = sourcecode.c.h; name = Server.h; path = Application/Server.h; sourceTree = "<group>"; };
		CCE449DC17230F8E002A1937 /* Timer.cpp */ = {isa = PBXFileReference; fileEncoding = 4; lastKnownFileType = sourcecode.cpp.cpp; name = Timer.cpp; path = Shared/Timer.cpp; sourceTree = "<group>"; };
		CCE449DD17230F8E002A1937 /* Timer.h */ = {isa = PBXFileReference; fileEncoding = 4; lastKnownFileType = sourcecode.c.h; name = Timer.h; path = Shared/Timer.h; sourceTree = "<group>"; };
		CCE449E017230FD2002A1937 /* Types.h */ = {isa = PBXFileReference; fileEncoding = 4; lastKnownFileType = sourcecode.c.h; name = Types.h; path = Shared/Types.h; sourceTree = "<group>"; };
		CCE449E11723109C002A1937 /* Heartbeat.cpp */ = {isa = PBXFileReference; fileEncoding = 4; lastKnownFileType = sourcecode.cpp.cpp; name = Heartbeat.cpp; path = Application/Heartbeat.cpp; sourceTree = "<group>"; };
		CCE449E21723109C002A1937 /* Heartbeat.h */ = {isa = PBXFileReference; fileEncoding = 4; lastKnownFileType = sourcecode.c.h; name = Heartbeat.h; path = Application/Heartbeat.h; sourceTree = "<group>"; };
		CCE449E41723111C002A1937 /* SimpleAsyncConsumer.cpp */ = {isa = PBXFileReference; fileEncoding = 4; lastKnownFileType = sourcecode.cpp.cpp; name = SimpleAsyncConsumer.cpp; path = Shared/SimpleAsyncConsumer.cpp; sourceTree = "<group>"; };
		CCE449E51723111C002A1937 /* SimpleAsyncConsumer.h */ = {isa = PBXFileReference; fileEncoding = 4; lastKnownFileType = sourcecode.c.h; name = SimpleAsyncConsumer.h; path = Shared/SimpleAsyncConsumer.h; sourceTree = "<group>"; };
		CCE449E61723111C002A1937 /* SimpleAsyncProducer.cpp */ = {isa = PBXFileReference; fileEncoding = 4; lastKnownFileType = sourcecode.cpp.cpp; name = SimpleAsyncProducer.cpp; path = Shared/SimpleAsyncProducer.cpp; sourceTree = "<group>"; };
		CCE449E71723111C002A1937 /* SimpleAsyncProducer.h */ = {isa = PBXFileReference; fileEncoding = 4; lastKnownFileType = sourcecode.c.h; name = SimpleAsyncProducer.h; path = Shared/SimpleAsyncProducer.h; sourceTree = "<group>"; };
		CCE449EC172313FD002A1937 /* B2DWorld.cpp */ = {isa = PBXFileReference; fileEncoding = 4; lastKnownFileType = sourcecode.cpp.cpp; name = B2DWorld.cpp; path = Game/B2DWorld.cpp; sourceTree = "<group>"; };
		CCE449ED172313FD002A1937 /* B2DWorld.h */ = {isa = PBXFileReference; fileEncoding = 4; lastKnownFileType = sourcecode.c.h; name = B2DWorld.h; path = Game/B2DWorld.h; sourceTree = "<group>"; };
		CCE449EE172313FD002A1937 /* Input.cpp */ = {isa = PBXFileReference; fileEncoding = 4; lastKnownFileType = sourcecode.cpp.cpp; name = Input.cpp; path = Game/Input.cpp; sourceTree = "<group>"; };
		CCE449EF172313FD002A1937 /* Input.h */ = {isa = PBXFileReference; fileEncoding = 4; lastKnownFileType = sourcecode.c.h; name = Input.h; path = Game/Input.h; sourceTree = "<group>"; };
		CCE449F0172313FD002A1937 /* Pod.cpp */ = {isa = PBXFileReference; fileEncoding = 4; lastKnownFileType = sourcecode.cpp.cpp; name = Pod.cpp; path = Game/Pod.cpp; sourceTree = "<group>"; };
		CCE449F1172313FD002A1937 /* Pod.h */ = {isa = PBXFileReference; fileEncoding = 4; lastKnownFileType = sourcecode.c.h; name = Pod.h; path = Game/Pod.h; sourceTree = "<group>"; };
		CCE449FA172317C9002A1937 /* AEntity.cpp */ = {isa = PBXFileReference; fileEncoding = 4; lastKnownFileType = sourcecode.cpp.cpp; name = AEntity.cpp; path = Game/AEntity.cpp; sourceTree = "<group>"; };
		CCE449FB172317CA002A1937 /* AEntity.h */ = {isa = PBXFileReference; fileEncoding = 4; lastKnownFileType = sourcecode.c.h; name = AEntity.h; path = Game/AEntity.h; sourceTree = "<group>"; };
		CCE449FD17231ADD002A1937 /* Bullet.cpp */ = {isa = PBXFileReference; fileEncoding = 4; lastKnownFileType = sourcecode.cpp.cpp; name = Bullet.cpp; path = Game/Bullet.cpp; sourceTree = "<group>"; };
		CCE449FE17231ADD002A1937 /* Bullet.h */ = {isa = PBXFileReference; fileEncoding = 4; lastKnownFileType = sourcecode.c.h; name = Bullet.h; path = Game/Bullet.h; sourceTree = "<group>"; };
		CCE44A0017231FAD002A1937 /* MakeT.h */ = {isa = PBXFileReference; lastKnownFileType = sourcecode.c.h; name = MakeT.h; path = Shared/MakeT.h; sourceTree = "<group>"; };
		CCE44A011723265F002A1937 /* World.cpp */ = {isa = PBXFileReference; fileEncoding = 4; lastKnownFileType = sourcecode.cpp.cpp; name = World.cpp; path = Game/World.cpp; sourceTree = "<group>"; };
		CCE44A021723265F002A1937 /* World.h */ = {isa = PBXFileReference; fileEncoding = 4; lastKnownFileType = sourcecode.c.h; name = World.h; path = Game/World.h; sourceTree = "<group>"; };
		CCE9087016516221005F2E72 /* libapr-1.dylib */ = {isa = PBXFileReference; lastKnownFileType = "compiled.mach-o.dylib"; name = "libapr-1.dylib"; path = "usr/lib/libapr-1.dylib"; sourceTree = SDKROOT; };
		CCE9087116516221005F2E72 /* libaprutil-1.dylib */ = {isa = PBXFileReference; lastKnownFileType = "compiled.mach-o.dylib"; name = "libaprutil-1.dylib"; path = "usr/lib/libaprutil-1.dylib"; sourceTree = SDKROOT; };
		CCEB9EF7173FE24F00B3CE16 /* B2DBullet.cpp */ = {isa = PBXFileReference; fileEncoding = 4; lastKnownFileType = sourcecode.cpp.cpp; name = B2DBullet.cpp; path = Game/B2DBullet.cpp; sourceTree = "<group>"; };
		CCEB9EF8173FE24F00B3CE16 /* B2DBullet.h */ = {isa = PBXFileReference; fileEncoding = 4; lastKnownFileType = sourcecode.c.h; name = B2DBullet.h; path = Game/B2DBullet.h; sourceTree = "<group>"; };
		CCEB9EFA173FFB8E00B3CE16 /* AB2DEntity.cpp */ = {isa = PBXFileReference; fileEncoding = 4; lastKnownFileType = sourcecode.cpp.cpp; name = AB2DEntity.cpp; path = Game/AB2DEntity.cpp; sourceTree = "<group>"; };
		CCEB9EFB173FFB8E00B3CE16 /* AB2DEntity.h */ = {isa = PBXFileReference; fileEncoding = 4; lastKnownFileType = sourcecode.c.h; name = AB2DEntity.h; path = Game/AB2DEntity.h; sourceTree = "<group>"; };
		CCFB9DDC1640ABB900F6DBA2 /* Box2D.xcodeproj */ = {isa = PBXFileReference; lastKnownFileType = "wrapper.pb-project"; name = Box2D.xcodeproj; path = ../ThirdParty/box2d/Box2D/Build/xcode4/Box2D.xcodeproj; sourceTree = "<group>"; };
/* End PBXFileReference section */

/* Begin PBXFrameworksBuildPhase section */
		CC68EA8E163DA07400D225C2 /* Frameworks */ = {
			isa = PBXFrameworksBuildPhase;
			buildActionMask = 2147483647;
			files = (
				CCF958581749CC2E00CA57B9 /* libPocoFoundation.dylib in Frameworks */,
				CC0F90D817179815006B9474 /* libactivemq-cpp.a in Frameworks */,
				CCE9087216516221005F2E72 /* libapr-1.dylib in Frameworks */,
				CCE9087316516221005F2E72 /* libaprutil-1.dylib in Frameworks */,
				CC488D27164EB5FD005078C3 /* libBox2D.a in Frameworks */,
				CC0F90DE17179B7A006B9474 /* libcrypto.dylib in Frameworks */,
				CC4FECE11662A3AA004810CC /* libProtocolBuffers.a in Frameworks */,
				CC0F90DC17179AF3006B9474 /* libssl.dylib in Frameworks */,
				CCA4C32C1687B45D006BAC1D /* xdispatch.framework in Frameworks */,
			);
			runOnlyForDeploymentPostprocessing = 0;
		};
/* End PBXFrameworksBuildPhase section */

/* Begin PBXGroup section */
		CC0F90D0171797FE006B9474 /* Products */ = {
			isa = PBXGroup;
			children = (
				CC0F90D7171797FF006B9474 /* libactivemq-cpp.a */,
			);
			name = Products;
			sourceTree = "<group>";
		};
		CC19F7A1168CCC9E007B694E /* Proto */ = {
			isa = PBXGroup;
			children = (
				CC0BFD441792E6F200AE7B01 /* CommandBuffer.pb.cc */,
				CC0BFD451792E6F200AE7B01 /* CommandBuffer.pb.h */,
				CC0BFD461792E6F300AE7B01 /* DualStickRawInputCommandBuffer.pb.cc */,
				CC0BFD471792E6F300AE7B01 /* DualStickRawInputCommandBuffer.pb.h */,
				CC0BFD481792E6F300AE7B01 /* EntityGameEventBuffer.pb.cc */,
				CC0BFD491792E6F300AE7B01 /* EntityGameEventBuffer.pb.h */,
				CC0BFD4A1792E6F300AE7B01 /* GameEventBuffer.pb.cc */,
				CC0BFD4B1792E6F300AE7B01 /* GameEventBuffer.pb.h */,
				CC0BFD4C1792E6F300AE7B01 /* RawInputCommandBuffer.pb.cc */,
				CC0BFD4D1792E6F300AE7B01 /* RawInputCommandBuffer.pb.h */,
				CC0BFD4E1792E6F300AE7B01 /* SecurityCommandBuffer.pb.cc */,
				CC0BFD4F1792E6F300AE7B01 /* SecurityCommandBuffer.pb.h */,
				CC2436CD17491B5500A8519D /* EntityGameEventBuffer.proto */,
				CC2436D017491B5700A8519D /* GameEventBuffer.proto */,
				CC2436B417490AEA00A8519D /* SecurityCommandBuffer.proto */,
				CCE449B917230E21002A1937 /* box2d.pb.cc */,
				CCE449BA17230E21002A1937 /* box2d.pb.h */,
				CCE449BB17230E21002A1937 /* box2d.proto */,
				CCE449BE17230E21002A1937 /* CommandBuffer.proto */,
				CC1AD3AE178F882D000F134C /* RawInputCommandBuffer.proto */,
				CCC70904178F8E6500E6992E /* DualStickRawInputCommandBuffer.proto */,
			);
			name = Proto;
			sourceTree = "<group>";
		};
		CC488D19164EB5DE005078C3 /* Products */ = {
			isa = PBXGroup;
			children = (
				CC488D20164EB5DE005078C3 /* libBox2D.a */,
				CC488D22164EB5DE005078C3 /* libGLUI.a */,
				CC488D24164EB5DE005078C3 /* HelloWorld */,
				CC488D26164EB5DE005078C3 /* Testbed */,
			);
			name = Products;
			sourceTree = "<group>";
		};
		CC4FECD91662A399004810CC /* Products */ = {
			isa = PBXGroup;
			children = (
				CC4FECE01662A39A004810CC /* libProtocolBuffers.a */,
			);
			name = Products;
			sourceTree = "<group>";
		};
		CC5A8E7317AE926E00C8567B /* Commands */ = {
			isa = PBXGroup;
			children = (
				CC5A8E7417AE92B800C8567B /* RawInputCommand.cpp */,
				CC5A8E7517AE92B800C8567B /* RawInputCommand.h */,
			);
			name = Commands;
			sourceTree = "<group>";
		};
		CC68EA86163DA07400D225C2 = {
			isa = PBXGroup;
			children = (
				CCBB79AF1749CBEF00E74F08 /* Poco.xcodeproj */,
				CC0F90CF171797FE006B9474 /* activemq-cpp.xcodeproj */,
				CC4FECD81662A399004810CC /* ProtocolBuffers.xcodeproj */,
				CCFB9DDC1640ABB900F6DBA2 /* Box2D.xcodeproj */,
				CC68EAB1163DB32600D225C2 /* Libraries */,
				CC68EA94163DA07400D225C2 /* CMSTest */,
				CC68EA92163DA07400D225C2 /* Products */,
			);
			sourceTree = "<group>";
		};
		CC68EA92163DA07400D225C2 /* Products */ = {
			isa = PBXGroup;
			children = (
				CC68EA91163DA07400D225C2 /* CMSTest */,
			);
			name = Products;
			sourceTree = "<group>";
		};
		CC68EA94163DA07400D225C2 /* CMSTest */ = {
			isa = PBXGroup;
			children = (
				CC5A8E7317AE926E00C8567B /* Commands */,
				CCE449D917230F6B002A1937 /* Game */,
				CCE449D817230F64002A1937 /* Shared */,
				CCE449C817230EE1002A1937 /* Application */,
				CC19F7A1168CCC9E007B694E /* Proto */,
				CC68EA97163DA07400D225C2 /* CMSTest.1 */,
			);
			path = CMSTest;
			sourceTree = "<group>";
		};
		CC68EAB1163DB32600D225C2 /* Libraries */ = {
			isa = PBXGroup;
			children = (
				CC0F90DD17179B7A006B9474 /* libcrypto.dylib */,
				CC0F90DB17179AF3006B9474 /* libssl.dylib */,
				CCA4C32B1687B45D006BAC1D /* xdispatch.framework */,
				CCE9087016516221005F2E72 /* libapr-1.dylib */,
				CCE9087116516221005F2E72 /* libaprutil-1.dylib */,
			);
			name = Libraries;
			sourceTree = "<group>";
		};
		CCBB79B01749CBEF00E74F08 /* Products */ = {
			isa = PBXGroup;
			children = (
				CCBB79C51749CBEF00E74F08 /* libPocoFoundation.dylib */,
				CCBB79C71749CBEF00E74F08 /* libPocoXML.dylib */,
				CCBB79C91749CBEF00E74F08 /* libPocoJSON.dylib */,
				CCBB79CB1749CBEF00E74F08 /* libPocoPDF.dylib */,
				CCBB79CD1749CBEF00E74F08 /* libPocoUtil.dylib */,
				CCBB79CF1749CBEF00E74F08 /* libPocoNet.dylib */,
				CCBB79D11749CBEF00E74F08 /* libPocoNetSSL.dylib */,
				CCBB79D31749CBEF00E74F08 /* libPocoCrypto.dylib */,
				CCBB79D51749CBEF00E74F08 /* libPocoData.dylib */,
				CCBB79D71749CBEF00E74F08 /* libPocoDataSQLite.dylib */,
				CCBB79D91749CBEF00E74F08 /* libPocoDataODBC.dylib */,
				CCBB79DB1749CBEF00E74F08 /* libPocoZip.dylib */,
				CCBB79DD1749CBEF00E74F08 /* libmod_poco.dylib */,
			);
			name = Products;
			sourceTree = "<group>";
		};
		CCE449C817230EE1002A1937 /* Application */ = {
			isa = PBXGroup;
			children = (
				CCE449E11723109C002A1937 /* Heartbeat.cpp */,
				CCE449E21723109C002A1937 /* Heartbeat.h */,
				CCE449C917230EF9002A1937 /* main.cpp */,
				CCE449CC17230EF9002A1937 /* Server.cpp */,
				CCE449CD17230EF9002A1937 /* Server.h */,
				CC386DD9178A033100AB41AF /* MessageDispatcher.cpp */,
				CC386DDA178A033100AB41AF /* MessageDispatcher.h */,
				CC1AD3A8178E3DAE000F134C /* MessageConsumer.cpp */,
				CC1AD3A9178E3DAE000F134C /* MessageConsumer.h */,
				CCC7090F178F9D3D00E6992E /* SecurityCommand.cpp */,
				CCC70910178F9D3D00E6992E /* SecurityCommand.h */,
			);
			name = Application;
			sourceTree = "<group>";
		};
		CCE449D817230F64002A1937 /* Shared */ = {
			isa = PBXGroup;
			children = (
				CCE449E41723111C002A1937 /* SimpleAsyncConsumer.cpp */,
				CCE449E51723111C002A1937 /* SimpleAsyncConsumer.h */,
				CCE449E61723111C002A1937 /* SimpleAsyncProducer.cpp */,
				CCE449E71723111C002A1937 /* SimpleAsyncProducer.h */,
				CCE449E017230FD2002A1937 /* Types.h */,
				CCE449DC17230F8E002A1937 /* Timer.cpp */,
				CCE449DD17230F8E002A1937 /* Timer.h */,
				CCE44A0017231FAD002A1937 /* MakeT.h */,
				CC51BAAF17825523007F27F0 /* FactoryT.h */,
				CCC7090C178F9B4600E6992E /* ACommand.cpp */,
				CCC7090D178F9B4600E6992E /* ACommand.h */,
			);
			name = Shared;
			sourceTree = "<group>";
		};
		CCE449D917230F6B002A1937 /* Game */ = {
			isa = PBXGroup;
			children = (
				CCEB9EFA173FFB8E00B3CE16 /* AB2DEntity.cpp */,
				CCEB9EFB173FFB8E00B3CE16 /* AB2DEntity.h */,
				CCE449FA172317C9002A1937 /* AEntity.cpp */,
				CCE449FB172317CA002A1937 /* AEntity.h */,
				CCEB9EF7173FE24F00B3CE16 /* B2DBullet.cpp */,
				CCEB9EF8173FE24F00B3CE16 /* B2DBullet.h */,
				CC2436D517492CFA00A8519D /* B2DPod.cpp */,
				CC2436D617492CFA00A8519D /* B2DPod.h */,
				CCE449EC172313FD002A1937 /* B2DWorld.cpp */,
				CCE449ED172313FD002A1937 /* B2DWorld.h */,
				CCE449FD17231ADD002A1937 /* Bullet.cpp */,
				CCE449FE17231ADD002A1937 /* Bullet.h */,
				CCE449EE172313FD002A1937 /* Input.cpp */,
				CCE449EF172313FD002A1937 /* Input.h */,
				CCE449F0172313FD002A1937 /* Pod.cpp */,
				CCE449F1172313FD002A1937 /* Pod.h */,
				CCE44A011723265F002A1937 /* World.cpp */,
				CCE44A021723265F002A1937 /* World.h */,
				CC51BA641781B7FA007F27F0 /* BulletFactory.cpp */,
				CC51BA651781B7FA007F27F0 /* BulletFactory.h */,
				CC51BAB017825A16007F27F0 /* B2DBulletFactory.h */,
				CC55B2711785020700CCC6E5 /* B2DPodFactory.h */,
				CC55B2721785025200CCC6E5 /* PodFactory.h */,
				CC55B2731785028A00CCC6E5 /* PodFactory.cpp */,
				CC386DD01789D45800AB41AF /* EventDispatcher.cpp */,
				CC386DD11789D45800AB41AF /* EventDispatcher.h */,
				CC386DD61789D86300AB41AF /* EntityGameEventFactory.cpp */,
				CC386DD71789D86300AB41AF /* EntityGameEventFactory.h */,
				CC1AD3AB178E4DE6000F134C /* CommandConsumer.cpp */,
				CC1AD3AC178E4DE6000F134C /* CommandConsumer.h */,
				CC366F7E1791D78200B698E6 /* CommandQueue.cpp */,
				CC366F7F1791D78200B698E6 /* CommandQueue.h */,
				CC3156AC1792D69900B1B41D /* SecurityCommandBufferFactory.cpp */,
				CC3156AD1792D69900B1B41D /* SecurityCommandBufferFactory.h */,
				CC425F63179B0AD5001F410B /* SecurityGameEventFactory.cpp */,
				CC425F64179B0AD6001F410B /* SecurityGameEventFactory.h */,
			);
			name = Game;
			sourceTree = "<group>";
		};
/* End PBXGroup section */

/* Begin PBXNativeTarget section */
		CC68EA90163DA07400D225C2 /* CMSTest */ = {
			isa = PBXNativeTarget;
			buildConfigurationList = CC68EA9B163DA07400D225C2 /* Build configuration list for PBXNativeTarget "CMSTest" */;
			buildPhases = (
				CC68EA8D163DA07400D225C2 /* Sources */,
				CC68EA8E163DA07400D225C2 /* Frameworks */,
				CC68EA8F163DA07400D225C2 /* CopyFiles */,
			);
			buildRules = (
			);
			dependencies = (
			);
			name = CMSTest;
			productName = CMSTest;
			productReference = CC68EA91163DA07400D225C2 /* CMSTest */;
			productType = "com.apple.product-type.tool";
		};
/* End PBXNativeTarget section */

/* Begin PBXProject section */
		CC68EA88163DA07400D225C2 /* Project object */ = {
			isa = PBXProject;
			attributes = {
				LastUpgradeCheck = 0450;
				ORGANIZATIONNAME = "Roddie Kieley";
			};
			buildConfigurationList = CC68EA8B163DA07400D225C2 /* Build configuration list for PBXProject "CMSTest" */;
			compatibilityVersion = "Xcode 3.2";
			developmentRegion = English;
			hasScannedForEncodings = 0;
			knownRegions = (
				en,
			);
			mainGroup = CC68EA86163DA07400D225C2;
			productRefGroup = CC68EA92163DA07400D225C2 /* Products */;
			projectDirPath = "";
			projectReferences = (
				{
					ProductGroup = CC0F90D0171797FE006B9474 /* Products */;
					ProjectRef = CC0F90CF171797FE006B9474 /* activemq-cpp.xcodeproj */;
				},
				{
					ProductGroup = CC488D19164EB5DE005078C3 /* Products */;
					ProjectRef = CCFB9DDC1640ABB900F6DBA2 /* Box2D.xcodeproj */;
				},
				{
					ProductGroup = CCBB79B01749CBEF00E74F08 /* Products */;
					ProjectRef = CCBB79AF1749CBEF00E74F08 /* Poco.xcodeproj */;
				},
				{
					ProductGroup = CC4FECD91662A399004810CC /* Products */;
					ProjectRef = CC4FECD81662A399004810CC /* ProtocolBuffers.xcodeproj */;
				},
			);
			projectRoot = "";
			targets = (
				CC68EA90163DA07400D225C2 /* CMSTest */,
			);
		};
/* End PBXProject section */

/* Begin PBXReferenceProxy section */
		CC0F90D7171797FF006B9474 /* libactivemq-cpp.a */ = {
			isa = PBXReferenceProxy;
			fileType = "compiled.mach-o.dylib";
			path = "libactivemq-cpp.a";
			remoteRef = CC0F90D6171797FF006B9474 /* PBXContainerItemProxy */;
			sourceTree = BUILT_PRODUCTS_DIR;
		};
		CC488D20164EB5DE005078C3 /* libBox2D.a */ = {
			isa = PBXReferenceProxy;
			fileType = archive.ar;
			path = libBox2D.a;
			remoteRef = CC488D1F164EB5DE005078C3 /* PBXContainerItemProxy */;
			sourceTree = BUILT_PRODUCTS_DIR;
		};
		CC488D22164EB5DE005078C3 /* libGLUI.a */ = {
			isa = PBXReferenceProxy;
			fileType = archive.ar;
			path = libGLUI.a;
			remoteRef = CC488D21164EB5DE005078C3 /* PBXContainerItemProxy */;
			sourceTree = BUILT_PRODUCTS_DIR;
		};
		CC488D24164EB5DE005078C3 /* HelloWorld */ = {
			isa = PBXReferenceProxy;
			fileType = "compiled.mach-o.executable";
			path = HelloWorld;
			remoteRef = CC488D23164EB5DE005078C3 /* PBXContainerItemProxy */;
			sourceTree = BUILT_PRODUCTS_DIR;
		};
		CC488D26164EB5DE005078C3 /* Testbed */ = {
			isa = PBXReferenceProxy;
			fileType = "compiled.mach-o.executable";
			path = Testbed;
			remoteRef = CC488D25164EB5DE005078C3 /* PBXContainerItemProxy */;
			sourceTree = BUILT_PRODUCTS_DIR;
		};
		CC4FECE01662A39A004810CC /* libProtocolBuffers.a */ = {
			isa = PBXReferenceProxy;
			fileType = "compiled.mach-o.dylib";
			path = libProtocolBuffers.a;
			remoteRef = CC4FECDF1662A39A004810CC /* PBXContainerItemProxy */;
			sourceTree = BUILT_PRODUCTS_DIR;
		};
		CCBB79C51749CBEF00E74F08 /* libPocoFoundation.dylib */ = {
			isa = PBXReferenceProxy;
			fileType = "compiled.mach-o.dylib";
			path = libPocoFoundation.dylib;
			remoteRef = CCBB79C41749CBEF00E74F08 /* PBXContainerItemProxy */;
			sourceTree = BUILT_PRODUCTS_DIR;
		};
		CCBB79C71749CBEF00E74F08 /* libPocoXML.dylib */ = {
			isa = PBXReferenceProxy;
			fileType = "compiled.mach-o.dylib";
			path = libPocoXML.dylib;
			remoteRef = CCBB79C61749CBEF00E74F08 /* PBXContainerItemProxy */;
			sourceTree = BUILT_PRODUCTS_DIR;
		};
		CCBB79C91749CBEF00E74F08 /* libPocoJSON.dylib */ = {
			isa = PBXReferenceProxy;
			fileType = "compiled.mach-o.dylib";
			path = libPocoJSON.dylib;
			remoteRef = CCBB79C81749CBEF00E74F08 /* PBXContainerItemProxy */;
			sourceTree = BUILT_PRODUCTS_DIR;
		};
		CCBB79CB1749CBEF00E74F08 /* libPocoPDF.dylib */ = {
			isa = PBXReferenceProxy;
			fileType = "compiled.mach-o.dylib";
			path = libPocoPDF.dylib;
			remoteRef = CCBB79CA1749CBEF00E74F08 /* PBXContainerItemProxy */;
			sourceTree = BUILT_PRODUCTS_DIR;
		};
		CCBB79CD1749CBEF00E74F08 /* libPocoUtil.dylib */ = {
			isa = PBXReferenceProxy;
			fileType = "compiled.mach-o.dylib";
			path = libPocoUtil.dylib;
			remoteRef = CCBB79CC1749CBEF00E74F08 /* PBXContainerItemProxy */;
			sourceTree = BUILT_PRODUCTS_DIR;
		};
		CCBB79CF1749CBEF00E74F08 /* libPocoNet.dylib */ = {
			isa = PBXReferenceProxy;
			fileType = "compiled.mach-o.dylib";
			path = libPocoNet.dylib;
			remoteRef = CCBB79CE1749CBEF00E74F08 /* PBXContainerItemProxy */;
			sourceTree = BUILT_PRODUCTS_DIR;
		};
		CCBB79D11749CBEF00E74F08 /* libPocoNetSSL.dylib */ = {
			isa = PBXReferenceProxy;
			fileType = "compiled.mach-o.dylib";
			path = libPocoNetSSL.dylib;
			remoteRef = CCBB79D01749CBEF00E74F08 /* PBXContainerItemProxy */;
			sourceTree = BUILT_PRODUCTS_DIR;
		};
		CCBB79D31749CBEF00E74F08 /* libPocoCrypto.dylib */ = {
			isa = PBXReferenceProxy;
			fileType = "compiled.mach-o.dylib";
			path = libPocoCrypto.dylib;
			remoteRef = CCBB79D21749CBEF00E74F08 /* PBXContainerItemProxy */;
			sourceTree = BUILT_PRODUCTS_DIR;
		};
		CCBB79D51749CBEF00E74F08 /* libPocoData.dylib */ = {
			isa = PBXReferenceProxy;
			fileType = "compiled.mach-o.dylib";
			path = libPocoData.dylib;
			remoteRef = CCBB79D41749CBEF00E74F08 /* PBXContainerItemProxy */;
			sourceTree = BUILT_PRODUCTS_DIR;
		};
		CCBB79D71749CBEF00E74F08 /* libPocoDataSQLite.dylib */ = {
			isa = PBXReferenceProxy;
			fileType = "compiled.mach-o.dylib";
			path = libPocoDataSQLite.dylib;
			remoteRef = CCBB79D61749CBEF00E74F08 /* PBXContainerItemProxy */;
			sourceTree = BUILT_PRODUCTS_DIR;
		};
		CCBB79D91749CBEF00E74F08 /* libPocoDataODBC.dylib */ = {
			isa = PBXReferenceProxy;
			fileType = "compiled.mach-o.dylib";
			path = libPocoDataODBC.dylib;
			remoteRef = CCBB79D81749CBEF00E74F08 /* PBXContainerItemProxy */;
			sourceTree = BUILT_PRODUCTS_DIR;
		};
		CCBB79DB1749CBEF00E74F08 /* libPocoZip.dylib */ = {
			isa = PBXReferenceProxy;
			fileType = "compiled.mach-o.dylib";
			path = libPocoZip.dylib;
			remoteRef = CCBB79DA1749CBEF00E74F08 /* PBXContainerItemProxy */;
			sourceTree = BUILT_PRODUCTS_DIR;
		};
		CCBB79DD1749CBEF00E74F08 /* libmod_poco.dylib */ = {
			isa = PBXReferenceProxy;
			fileType = "compiled.mach-o.dylib";
			path = libmod_poco.dylib;
			remoteRef = CCBB79DC1749CBEF00E74F08 /* PBXContainerItemProxy */;
			sourceTree = BUILT_PRODUCTS_DIR;
		};
/* End PBXReferenceProxy section */

/* Begin PBXSourcesBuildPhase section */
		CC68EA8D163DA07400D225C2 /* Sources */ = {
			isa = PBXSourcesBuildPhase;
			buildActionMask = 2147483647;
			files = (
				CCE449C217230E21002A1937 /* box2d.pb.cc in Sources */,
				CCE449D317230EF9002A1937 /* main.cpp in Sources */,
				CCE449D517230EF9002A1937 /* Server.cpp in Sources */,
				CCE449DF17230F8E002A1937 /* Timer.cpp in Sources */,
				CCE449E31723109C002A1937 /* Heartbeat.cpp in Sources */,
				CCE449E81723111C002A1937 /* SimpleAsyncConsumer.cpp in Sources */,
				CCE449E91723111C002A1937 /* SimpleAsyncProducer.cpp in Sources */,
				CCE449F5172313FD002A1937 /* B2DWorld.cpp in Sources */,
				CCE449F7172313FD002A1937 /* Pod.cpp in Sources */,
				CCE449FC172317CA002A1937 /* AEntity.cpp in Sources */,
				CCE449FF17231ADD002A1937 /* Bullet.cpp in Sources */,
				CCE44A0317232660002A1937 /* World.cpp in Sources */,
				CCEB9EF9173FE24F00B3CE16 /* B2DBullet.cpp in Sources */,
				CCEB9EFC173FFB8F00B3CE16 /* AB2DEntity.cpp in Sources */,
				CC2436D717492CFA00A8519D /* B2DPod.cpp in Sources */,
				CC51BA661781B7FA007F27F0 /* BulletFactory.cpp in Sources */,
				CC55B2741785028A00CCC6E5 /* PodFactory.cpp in Sources */,
				CC386DD21789D45800AB41AF /* EventDispatcher.cpp in Sources */,
				CC386DD81789D86300AB41AF /* EntityGameEventFactory.cpp in Sources */,
				CC386DDB178A033100AB41AF /* MessageDispatcher.cpp in Sources */,
				CC1AD3AA178E3DAE000F134C /* MessageConsumer.cpp in Sources */,
				CC1AD3AD178E4DE6000F134C /* CommandConsumer.cpp in Sources */,
				CCC7090E178F9B4600E6992E /* ACommand.cpp in Sources */,
				CCC70911178F9D3D00E6992E /* SecurityCommand.cpp in Sources */,
				CC366F801791D78200B698E6 /* CommandQueue.cpp in Sources */,
				CC3156AE1792D69900B1B41D /* SecurityCommandBufferFactory.cpp in Sources */,
				CC0BFD501792E6F300AE7B01 /* CommandBuffer.pb.cc in Sources */,
				CC0BFD511792E6F300AE7B01 /* DualStickRawInputCommandBuffer.pb.cc in Sources */,
				CC0BFD521792E6F300AE7B01 /* EntityGameEventBuffer.pb.cc in Sources */,
				CC0BFD531792E6F300AE7B01 /* GameEventBuffer.pb.cc in Sources */,
				CC0BFD541792E6F300AE7B01 /* RawInputCommandBuffer.pb.cc in Sources */,
				CC0BFD551792E6F300AE7B01 /* SecurityCommandBuffer.pb.cc in Sources */,
				CC425F65179B0AD6001F410B /* SecurityGameEventFactory.cpp in Sources */,
				CC5A8E7617AE92B800C8567B /* RawInputCommand.cpp in Sources */,
			);
			runOnlyForDeploymentPostprocessing = 0;
		};
/* End PBXSourcesBuildPhase section */

/* Begin XCBuildConfiguration section */
		CC68EA99163DA07400D225C2 /* Debug */ = {
			isa = XCBuildConfiguration;
			buildSettings = {
				ALWAYS_SEARCH_USER_PATHS = NO;
				ARCHS = "$(ARCHS_STANDARD_64_BIT)";
				CLANG_CXX_LANGUAGE_STANDARD = "gnu++0x";
				CLANG_CXX_LIBRARY = "libc++";
				CLANG_WARN_EMPTY_BODY = YES;
				CLANG_WARN__DUPLICATE_METHOD_MATCH = YES;
				COPY_PHASE_STRIP = NO;
				GCC_C_LANGUAGE_STANDARD = gnu99;
				GCC_DYNAMIC_NO_PIC = NO;
				GCC_ENABLE_OBJC_EXCEPTIONS = YES;
				GCC_OPTIMIZATION_LEVEL = 0;
				GCC_PREPROCESSOR_DEFINITIONS = (
					"DEBUG=1",
					"$(inherited)",
					"__GXX_EXPERIMENTAL_CXX0X_=1",
				);
				GCC_SYMBOLS_PRIVATE_EXTERN = NO;
				GCC_VERSION = com.apple.compilers.llvm.clang.1_0;
				GCC_WARN_64_TO_32_BIT_CONVERSION = YES;
				GCC_WARN_ABOUT_RETURN_TYPE = YES;
				GCC_WARN_UNINITIALIZED_AUTOS = YES;
				GCC_WARN_UNUSED_VARIABLE = YES;
				MACOSX_DEPLOYMENT_TARGET = 10.7;
				ONLY_ACTIVE_ARCH = YES;
				SDKROOT = macosx10.7;
			};
			name = Debug;
		};
		CC68EA9A163DA07400D225C2 /* Release */ = {
			isa = XCBuildConfiguration;
			buildSettings = {
				ALWAYS_SEARCH_USER_PATHS = NO;
				ARCHS = "$(ARCHS_STANDARD_64_BIT)";
				CLANG_CXX_LANGUAGE_STANDARD = "gnu++0x";
				CLANG_CXX_LIBRARY = "libc++";
				CLANG_WARN_EMPTY_BODY = YES;
				CLANG_WARN__DUPLICATE_METHOD_MATCH = YES;
				COPY_PHASE_STRIP = YES;
				DEBUG_INFORMATION_FORMAT = "dwarf-with-dsym";
				GCC_C_LANGUAGE_STANDARD = gnu99;
				GCC_ENABLE_OBJC_EXCEPTIONS = YES;
				GCC_PREPROCESSOR_DEFINITIONS = "__GXX_EXPERIMENTAL_CXX0X_=1";
				GCC_VERSION = com.apple.compilers.llvm.clang.1_0;
				GCC_WARN_64_TO_32_BIT_CONVERSION = YES;
				GCC_WARN_ABOUT_RETURN_TYPE = YES;
				GCC_WARN_UNINITIALIZED_AUTOS = YES;
				GCC_WARN_UNUSED_VARIABLE = YES;
				MACOSX_DEPLOYMENT_TARGET = 10.7;
				SDKROOT = macosx10.7;
			};
			name = Release;
		};
		CC68EA9C163DA07400D225C2 /* Debug */ = {
			isa = XCBuildConfiguration;
			buildSettings = {
				ALWAYS_SEARCH_USER_PATHS = YES;
				FRAMEWORK_SEARCH_PATHS = (
					"$(inherited)",
					"\"$(SRCROOT)/../ThirdParty/xdispatch/build/bin/Debug\"",
				);
				GCC_VERSION = com.apple.compilers.llvm.clang.1_0;
				HEADER_SEARCH_PATHS = (
					"/opt/local/include/apr-1/",
					"\"$(SRCROOT)/../ThirdParty/protobuf/src/\"",
				);
				LIBRARY_SEARCH_PATHS = (
					/opt/local/lib,
					"\"$(SRCROOT)/../ThirdParty/protobuf/src/.libs\"",
					"\"$(SRCROOT)/../ThirdParty/poco/lib/Darwin/x86_64\"",
				);
				PRODUCT_NAME = "$(TARGET_NAME)";
				SDKROOT = macosx10.7;
				USER_HEADER_SEARCH_PATHS = "\"$(SRCROOT)/../ThirdParty/activemq-cpp/activemq-cpp/src/main\" \"$(SRCROOT)/../ThirdParty/box2d/Box2D/\" \"$(SRCROOT)/../ThirdParty/poco/Foundation/include/\"";
			};
			name = Debug;
		};
		CC68EA9D163DA07400D225C2 /* Release */ = {
			isa = XCBuildConfiguration;
			buildSettings = {
				ALWAYS_SEARCH_USER_PATHS = YES;
				FRAMEWORK_SEARCH_PATHS = (
					"$(inherited)",
					"\"$(SRCROOT)/../ThirdParty/xdispatch/build/bin/Debug\"",
				);
				GCC_VERSION = com.apple.compilers.llvm.clang.1_0;
				HEADER_SEARCH_PATHS = (
					"/opt/local/include/apr-1/",
					"\"$(SRCROOT)/../ThirdParty/protobuf/src/\"",
				);
				LIBRARY_SEARCH_PATHS = (
					/opt/local/lib,
					"\"$(SRCROOT)/../ThirdParty/protobuf/src/.libs\"",
					"\"$(SRCROOT)/../ThirdParty/poco/lib/Darwin/x86_64\"",
				);
				PRODUCT_NAME = "$(TARGET_NAME)";
				SDKROOT = macosx10.7;
				USER_HEADER_SEARCH_PATHS = "\"$(SRCROOT)/../ThirdParty/activemq-cpp/activemq-cpp/src/main\" \"$(SRCROOT)/../ThirdParty/box2d/Box2D/\" \"$(SRCROOT)/../ThirdParty/poco/Foundation/include/\"";
			};
			name = Release;
		};
/* End XCBuildConfiguration section */

/* Begin XCConfigurationList section */
		CC68EA8B163DA07400D225C2 /* Build configuration list for PBXProject "CMSTest" */ = {
			isa = XCConfigurationList;
			buildConfigurations = (
				CC68EA99163DA07400D225C2 /* Debug */,
				CC68EA9A163DA07400D225C2 /* Release */,
			);
			defaultConfigurationIsVisible = 0;
			defaultConfigurationName = Release;
		};
		CC68EA9B163DA07400D225C2 /* Build configuration list for PBXNativeTarget "CMSTest" */ = {
			isa = XCConfigurationList;
			buildConfigurations = (
				CC68EA9C163DA07400D225C2 /* Debug */,
				CC68EA9D163DA07400D225C2 /* Release */,
			);
			defaultConfigurationIsVisible = 0;
			defaultConfigurationName = Release;
		};
/* End XCConfigurationList section */
	};
	rootObject = CC68EA88163DA07400D225C2 /* Project object */;
}
